// !$*UTF8*$!
{
	archiveVersion = 1;
	classes = {
	};
	objectVersion = 51;
	objects = {

/* Begin PBXBuildFile section */
		5A204F1E246865E600F2ABB9 /* helpTableViewController.swift in Sources */ = {isa = PBXBuildFile; fileRef = 5A204F1D246865E600F2ABB9 /* helpTableViewController.swift */; };
		5A204F202468661D00F2ABB9 /* helpTableViewCell.swift in Sources */ = {isa = PBXBuildFile; fileRef = 5A204F1F2468661D00F2ABB9 /* helpTableViewCell.swift */; };
		5A264B9124485A2E007F3657 /* FinalDatabase.swift in Sources */ = {isa = PBXBuildFile; fileRef = 5A264B9024485A2E007F3657 /* FinalDatabase.swift */; };
		5A264B9324485AC8007F3657 /* moodAppDatabase.db in Resources */ = {isa = PBXBuildFile; fileRef = 5A264B9224485AC8007F3657 /* moodAppDatabase.db */; };
		5A314635246838C700B7DBA3 /* DissTestUnitTests.swift in Sources */ = {isa = PBXBuildFile; fileRef = 5A314634246838C700B7DBA3 /* DissTestUnitTests.swift */; };
		5A31463C2468398300B7DBA3 /* LogsViewController.swift in Sources */ = {isa = PBXBuildFile; fileRef = 5A72D86023F9D25600441B9B /* LogsViewController.swift */; };
		5A31463D2468399200B7DBA3 /* FinalDatabase.swift in Sources */ = {isa = PBXBuildFile; fileRef = 5A264B9024485A2E007F3657 /* FinalDatabase.swift */; };
		5A31463E24683AF600B7DBA3 /* MoodEntry.swift in Sources */ = {isa = PBXBuildFile; fileRef = 5A7C5B15241A7E9E0047CD0B /* MoodEntry.swift */; };
		5A31463F24683B4E00B7DBA3 /* Symptom.swift in Sources */ = {isa = PBXBuildFile; fileRef = 5AAA9DA12451BAEB00BF3523 /* Symptom.swift */; };
		5A31464024683B5100B7DBA3 /* ActivityPlan.swift in Sources */ = {isa = PBXBuildFile; fileRef = 5AF9272D2449CB2000198213 /* ActivityPlan.swift */; };
		5A31464124683B5600B7DBA3 /* activityLog.swift in Sources */ = {isa = PBXBuildFile; fileRef = 5AA18161242BA6F200A37ED2 /* activityLog.swift */; };
		5A31464224683B5900B7DBA3 /* activity.swift in Sources */ = {isa = PBXBuildFile; fileRef = 5A95EB5724218B9E007F2E93 /* activity.swift */; };
		5A3FFA22242CE45300F842F6 /* ChartsScreenViewController.swift in Sources */ = {isa = PBXBuildFile; fileRef = 5A3FFA21242CE45200F842F6 /* ChartsScreenViewController.swift */; };
		5A72D85D23F9D25600441B9B /* AppDelegate.swift in Sources */ = {isa = PBXBuildFile; fileRef = 5A72D85C23F9D25600441B9B /* AppDelegate.swift */; };
		5A72D85F23F9D25600441B9B /* SceneDelegate.swift in Sources */ = {isa = PBXBuildFile; fileRef = 5A72D85E23F9D25600441B9B /* SceneDelegate.swift */; };
		5A72D86123F9D25600441B9B /* LogsViewController.swift in Sources */ = {isa = PBXBuildFile; fileRef = 5A72D86023F9D25600441B9B /* LogsViewController.swift */; };
		5A72D86423F9D25600441B9B /* Main.storyboard in Resources */ = {isa = PBXBuildFile; fileRef = 5A72D86223F9D25600441B9B /* Main.storyboard */; };
		5A72D86623F9D26700441B9B /* Assets.xcassets in Resources */ = {isa = PBXBuildFile; fileRef = 5A72D86523F9D26700441B9B /* Assets.xcassets */; };
		5A72D86923F9D26700441B9B /* LaunchScreen.storyboard in Resources */ = {isa = PBXBuildFile; fileRef = 5A72D86723F9D26700441B9B /* LaunchScreen.storyboard */; };
		5A7C5B04240BEFD90047CD0B /* NotesViewController.swift in Sources */ = {isa = PBXBuildFile; fileRef = 5A7C5B03240BEFD90047CD0B /* NotesViewController.swift */; };
		5A7C5B16241A7E9E0047CD0B /* MoodEntry.swift in Sources */ = {isa = PBXBuildFile; fileRef = 5A7C5B15241A7E9E0047CD0B /* MoodEntry.swift */; };
		5A7C5B18241BB4F50047CD0B /* MoodEntryViewController.swift in Sources */ = {isa = PBXBuildFile; fileRef = 5A7C5B17241BB4F40047CD0B /* MoodEntryViewController.swift */; };
		5A7C5B1A241BBD190047CD0B /* LifestyleEntryViewController.swift in Sources */ = {isa = PBXBuildFile; fileRef = 5A7C5B19241BBD190047CD0B /* LifestyleEntryViewController.swift */; };
		5A7C5B1E241BCB510047CD0B /* ActivitiesViewController.swift in Sources */ = {isa = PBXBuildFile; fileRef = 5A7C5B1D241BCB510047CD0B /* ActivitiesViewController.swift */; };
		5A844DF6241E9A4B0048EDD0 /* createNewActivityViewController.swift in Sources */ = {isa = PBXBuildFile; fileRef = 5A844DF5241E9A4B0048EDD0 /* createNewActivityViewController.swift */; };
		5A844DF8241E9F950048EDD0 /* ActivitiesTableViewController.swift in Sources */ = {isa = PBXBuildFile; fileRef = 5A844DF7241E9F950048EDD0 /* ActivitiesTableViewController.swift */; };
		5A9185452441E36400A4AEEC /* adviceViewController.swift in Sources */ = {isa = PBXBuildFile; fileRef = 5A9185442441E36400A4AEEC /* adviceViewController.swift */; };
		5A95EB5224213033007F2E93 /* TrendsViewController.swift in Sources */ = {isa = PBXBuildFile; fileRef = 5A95EB5124213033007F2E93 /* TrendsViewController.swift */; };
		5A95EB5424216E70007F2E93 /* ActivityPlanViewController.swift in Sources */ = {isa = PBXBuildFile; fileRef = 5A95EB5324216E70007F2E93 /* ActivityPlanViewController.swift */; };
		5A95EB562421881C007F2E93 /* ActivitiesTableViewCell.swift in Sources */ = {isa = PBXBuildFile; fileRef = 5A95EB552421881C007F2E93 /* ActivitiesTableViewCell.swift */; };
		5A95EB5824218B9E007F2E93 /* activity.swift in Sources */ = {isa = PBXBuildFile; fileRef = 5A95EB5724218B9E007F2E93 /* activity.swift */; };
		5AA1815C242B6EDB00A37ED2 /* EntryDetailViewController.swift in Sources */ = {isa = PBXBuildFile; fileRef = 5AA1815B242B6EDB00A37ED2 /* EntryDetailViewController.swift */; };
		5AA1815E242BA4EA00A37ED2 /* EntryActivitiesTableViewController.swift in Sources */ = {isa = PBXBuildFile; fileRef = 5AA1815D242BA4EA00A37ED2 /* EntryActivitiesTableViewController.swift */; };
		5AA18160242BA53700A37ED2 /* EntryActivityTableViewCell.swift in Sources */ = {isa = PBXBuildFile; fileRef = 5AA1815F242BA53700A37ED2 /* EntryActivityTableViewCell.swift */; };
		5AA18162242BA6F200A37ED2 /* activityLog.swift in Sources */ = {isa = PBXBuildFile; fileRef = 5AA18161242BA6F200A37ED2 /* activityLog.swift */; };
		5AA88F9A2458825900D7A0C7 /* entryGoalsTableViewController.swift in Sources */ = {isa = PBXBuildFile; fileRef = 5AA88F992458825900D7A0C7 /* entryGoalsTableViewController.swift */; };
		5AAA9D9C2451B58000BF3523 /* SymptomsTableViewController.swift in Sources */ = {isa = PBXBuildFile; fileRef = 5AAA9D9B2451B58000BF3523 /* SymptomsTableViewController.swift */; };
		5AAA9D9E2451B5E800BF3523 /* AddSymptomViewController.swift in Sources */ = {isa = PBXBuildFile; fileRef = 5AAA9D9D2451B5E800BF3523 /* AddSymptomViewController.swift */; };
		5AAA9DA02451BA2500BF3523 /* SymptomTableViewCell.swift in Sources */ = {isa = PBXBuildFile; fileRef = 5AAA9D9F2451BA2500BF3523 /* SymptomTableViewCell.swift */; };
		5AAA9DA22451BAEB00BF3523 /* Symptom.swift in Sources */ = {isa = PBXBuildFile; fileRef = 5AAA9DA12451BAEB00BF3523 /* Symptom.swift */; };
		5AAA9DA42451D4F700BF3523 /* entrySymptomsTableViewController.swift in Sources */ = {isa = PBXBuildFile; fileRef = 5AAA9DA32451D4F700BF3523 /* entrySymptomsTableViewController.swift */; };
		5AB2FBEC2428D37B009336E7 /* chartsViewController.swift in Sources */ = {isa = PBXBuildFile; fileRef = 5AB2FBEB2428D37B009336E7 /* chartsViewController.swift */; };
		5AB6FDBB24571B03002D2C32 /* furtherStatsViewController.swift in Sources */ = {isa = PBXBuildFile; fileRef = 5AB6FDBA24571B03002D2C32 /* furtherStatsViewController.swift */; };
		5AB6FDBD24571D60002D2C32 /* ArrayExtension.swift in Sources */ = {isa = PBXBuildFile; fileRef = 5AB6FDBC24571D60002D2C32 /* ArrayExtension.swift */; };
		5ABAC1D02428EDC10019D62A /* pieChartDatePickerViewController.swift in Sources */ = {isa = PBXBuildFile; fileRef = 5ABAC1CF2428EDC10019D62A /* pieChartDatePickerViewController.swift */; };
		5ABAC1D2242903F60019D62A /* pieChartResultViewController.swift in Sources */ = {isa = PBXBuildFile; fileRef = 5ABAC1D1242903F60019D62A /* pieChartResultViewController.swift */; };
		5ABAC1D4242A3FD40019D62A /* EntriesTableViewController.swift in Sources */ = {isa = PBXBuildFile; fileRef = 5ABAC1D3242A3FD30019D62A /* EntriesTableViewController.swift */; };
		5ABAC1D6242A402E0019D62A /* EntryTableViewCell.swift in Sources */ = {isa = PBXBuildFile; fileRef = 5ABAC1D5242A402D0019D62A /* EntryTableViewCell.swift */; };
		5ABAC1D8242A92B90019D62A /* ColorExtension.swift in Sources */ = {isa = PBXBuildFile; fileRef = 5ABAC1D7242A92B90019D62A /* ColorExtension.swift */; };
		5AC4A474243DE9D1007F2818 /* ChartStringFormatter.swift in Sources */ = {isa = PBXBuildFile; fileRef = 5AC4A473243DE9D1007F2818 /* ChartStringFormatter.swift */; };
		5AC9C1D92440BEA200D07683 /* UIViewExtension.swift in Sources */ = {isa = PBXBuildFile; fileRef = 5AC9C1D82440BEA200D07683 /* UIViewExtension.swift */; };
		5AE394D424335DA600544B89 /* BarChartViewController.swift in Sources */ = {isa = PBXBuildFile; fileRef = 5AE394D324335DA600544B89 /* BarChartViewController.swift */; };
		5AE394D624335FD400544B89 /* searchViewController.swift in Sources */ = {isa = PBXBuildFile; fileRef = 5AE394D524335FD400544B89 /* searchViewController.swift */; };
		5AE394D82434B48700544B89 /* searchTableViewCell.swift in Sources */ = {isa = PBXBuildFile; fileRef = 5AE394D72434B48600544B89 /* searchTableViewCell.swift */; };
		5AE394DA243B4AF200544B89 /* detailActivityViewController.swift in Sources */ = {isa = PBXBuildFile; fileRef = 5AE394D9243B4AF200544B89 /* detailActivityViewController.swift */; };
		5AE394DE243B6A2D00544B89 /* dailyActivityTableViewCell.swift in Sources */ = {isa = PBXBuildFile; fileRef = 5AE394DD243B6A2D00544B89 /* dailyActivityTableViewCell.swift */; };
		5AE394E0243CA94800544B89 /* scatterGraphViewController.swift in Sources */ = {isa = PBXBuildFile; fileRef = 5AE394DF243CA94800544B89 /* scatterGraphViewController.swift */; };
		5AF5B9922445F87D00BF0790 /* lineChartViewController.swift in Sources */ = {isa = PBXBuildFile; fileRef = 5AF5B9912445F87D00BF0790 /* lineChartViewController.swift */; };
		5AF927262449C20D00198213 /* previousPlanTableViewCell.swift in Sources */ = {isa = PBXBuildFile; fileRef = 5AF927252449C20D00198213 /* previousPlanTableViewCell.swift */; };
		5AF927282449C26D00198213 /* previousPlansTableViewController.swift in Sources */ = {isa = PBXBuildFile; fileRef = 5AF927272449C26D00198213 /* previousPlansTableViewController.swift */; };
		5AF9272A2449C52A00198213 /* planDetailTableViewController.swift in Sources */ = {isa = PBXBuildFile; fileRef = 5AF927292449C52A00198213 /* planDetailTableViewController.swift */; };
		5AF9272C2449C5AB00198213 /* planDetailTableViewCell.swift in Sources */ = {isa = PBXBuildFile; fileRef = 5AF9272B2449C5AB00198213 /* planDetailTableViewCell.swift */; };
		5AF9272E2449CB2000198213 /* ActivityPlan.swift in Sources */ = {isa = PBXBuildFile; fileRef = 5AF9272D2449CB2000198213 /* ActivityPlan.swift */; };
		5AF92730244A09F300198213 /* todaysPlanTableViewController.swift in Sources */ = {isa = PBXBuildFile; fileRef = 5AF9272F244A09F300198213 /* todaysPlanTableViewController.swift */; };
		5AF92732244B133100198213 /* newGoalViewController.swift in Sources */ = {isa = PBXBuildFile; fileRef = 5AF92731244B133100198213 /* newGoalViewController.swift */; };
		5AF92734244B1C4E00198213 /* todaysPlanTableViewCell.swift in Sources */ = {isa = PBXBuildFile; fileRef = 5AF92733244B1C4E00198213 /* todaysPlanTableViewCell.swift */; };
		E5EBC7FE22717F752E90F28F /* Pods_DissTest.framework in Frameworks */ = {isa = PBXBuildFile; fileRef = DFBE108438DB39A3E8D836AE /* Pods_DissTest.framework */; };
/* End PBXBuildFile section */

/* Begin PBXContainerItemProxy section */
		5A314637246838C700B7DBA3 /* PBXContainerItemProxy */ = {
			isa = PBXContainerItemProxy;
			containerPortal = 5A72D85123F9D25600441B9B /* Project object */;
			proxyType = 1;
			remoteGlobalIDString = 5A72D85823F9D25600441B9B;
			remoteInfo = DissTest;
		};
/* End PBXContainerItemProxy section */

/* Begin PBXFileReference section */
		0EC025DE24703C6E234DBD9E /* Pods-DissTest.release.xcconfig */ = {isa = PBXFileReference; includeInIndex = 1; lastKnownFileType = text.xcconfig; name = "Pods-DissTest.release.xcconfig"; path = "Target Support Files/Pods-DissTest/Pods-DissTest.release.xcconfig"; sourceTree = "<group>"; };
		5A204F1D246865E600F2ABB9 /* helpTableViewController.swift */ = {isa = PBXFileReference; lastKnownFileType = sourcecode.swift; path = helpTableViewController.swift; sourceTree = "<group>"; };
		5A204F1F2468661D00F2ABB9 /* helpTableViewCell.swift */ = {isa = PBXFileReference; lastKnownFileType = sourcecode.swift; path = helpTableViewCell.swift; sourceTree = "<group>"; };
		5A264B9024485A2E007F3657 /* FinalDatabase.swift */ = {isa = PBXFileReference; lastKnownFileType = sourcecode.swift; path = FinalDatabase.swift; sourceTree = "<group>"; };
		5A264B9224485AC8007F3657 /* moodAppDatabase.db */ = {isa = PBXFileReference; lastKnownFileType = file; name = moodAppDatabase.db; path = ../../Databases/moodAppDatabase.db; sourceTree = "<group>"; };
		5A314632246838C700B7DBA3 /* DissTestUnitTests.xctest */ = {isa = PBXFileReference; explicitFileType = wrapper.cfbundle; includeInIndex = 0; path = DissTestUnitTests.xctest; sourceTree = BUILT_PRODUCTS_DIR; };
		5A314634246838C700B7DBA3 /* DissTestUnitTests.swift */ = {isa = PBXFileReference; lastKnownFileType = sourcecode.swift; path = DissTestUnitTests.swift; sourceTree = "<group>"; };
		5A314636246838C700B7DBA3 /* Info.plist */ = {isa = PBXFileReference; lastKnownFileType = text.plist.xml; path = Info.plist; sourceTree = "<group>"; };
		5A3FFA21242CE45200F842F6 /* ChartsScreenViewController.swift */ = {isa = PBXFileReference; lastKnownFileType = sourcecode.swift; path = ChartsScreenViewController.swift; sourceTree = "<group>"; };
		5A72D85923F9D25600441B9B /* DissTest.app */ = {isa = PBXFileReference; explicitFileType = wrapper.application; includeInIndex = 0; path = DissTest.app; sourceTree = BUILT_PRODUCTS_DIR; };
		5A72D85C23F9D25600441B9B /* AppDelegate.swift */ = {isa = PBXFileReference; lastKnownFileType = sourcecode.swift; path = AppDelegate.swift; sourceTree = "<group>"; };
		5A72D85E23F9D25600441B9B /* SceneDelegate.swift */ = {isa = PBXFileReference; lastKnownFileType = sourcecode.swift; path = SceneDelegate.swift; sourceTree = "<group>"; };
		5A72D86023F9D25600441B9B /* LogsViewController.swift */ = {isa = PBXFileReference; lastKnownFileType = sourcecode.swift; path = LogsViewController.swift; sourceTree = "<group>"; };
		5A72D86323F9D25600441B9B /* Base */ = {isa = PBXFileReference; lastKnownFileType = file.storyboard; name = Base; path = Base.lproj/Main.storyboard; sourceTree = "<group>"; };
		5A72D86523F9D26700441B9B /* Assets.xcassets */ = {isa = PBXFileReference; lastKnownFileType = folder.assetcatalog; path = Assets.xcassets; sourceTree = "<group>"; };
		5A72D86823F9D26700441B9B /* Base */ = {isa = PBXFileReference; lastKnownFileType = file.storyboard; name = Base; path = Base.lproj/LaunchScreen.storyboard; sourceTree = "<group>"; };
		5A72D86A23F9D26700441B9B /* Info.plist */ = {isa = PBXFileReference; lastKnownFileType = text.plist.xml; path = Info.plist; sourceTree = "<group>"; };
		5A7C5B03240BEFD90047CD0B /* NotesViewController.swift */ = {isa = PBXFileReference; lastKnownFileType = sourcecode.swift; path = NotesViewController.swift; sourceTree = "<group>"; };
		5A7C5B15241A7E9E0047CD0B /* MoodEntry.swift */ = {isa = PBXFileReference; lastKnownFileType = sourcecode.swift; path = MoodEntry.swift; sourceTree = "<group>"; };
		5A7C5B17241BB4F40047CD0B /* MoodEntryViewController.swift */ = {isa = PBXFileReference; lastKnownFileType = sourcecode.swift; path = MoodEntryViewController.swift; sourceTree = "<group>"; };
		5A7C5B19241BBD190047CD0B /* LifestyleEntryViewController.swift */ = {isa = PBXFileReference; lastKnownFileType = sourcecode.swift; path = LifestyleEntryViewController.swift; sourceTree = "<group>"; };
		5A7C5B1D241BCB510047CD0B /* ActivitiesViewController.swift */ = {isa = PBXFileReference; lastKnownFileType = sourcecode.swift; path = ActivitiesViewController.swift; sourceTree = "<group>"; };
		5A844DF5241E9A4B0048EDD0 /* createNewActivityViewController.swift */ = {isa = PBXFileReference; lastKnownFileType = sourcecode.swift; path = createNewActivityViewController.swift; sourceTree = "<group>"; };
		5A844DF7241E9F950048EDD0 /* ActivitiesTableViewController.swift */ = {isa = PBXFileReference; lastKnownFileType = sourcecode.swift; path = ActivitiesTableViewController.swift; sourceTree = "<group>"; };
		5A9185442441E36400A4AEEC /* adviceViewController.swift */ = {isa = PBXFileReference; lastKnownFileType = sourcecode.swift; path = adviceViewController.swift; sourceTree = "<group>"; };
		5A95EB5124213033007F2E93 /* TrendsViewController.swift */ = {isa = PBXFileReference; lastKnownFileType = sourcecode.swift; path = TrendsViewController.swift; sourceTree = "<group>"; };
		5A95EB5324216E70007F2E93 /* ActivityPlanViewController.swift */ = {isa = PBXFileReference; lastKnownFileType = sourcecode.swift; path = ActivityPlanViewController.swift; sourceTree = "<group>"; };
		5A95EB552421881C007F2E93 /* ActivitiesTableViewCell.swift */ = {isa = PBXFileReference; lastKnownFileType = sourcecode.swift; path = ActivitiesTableViewCell.swift; sourceTree = "<group>"; };
		5A95EB5724218B9E007F2E93 /* activity.swift */ = {isa = PBXFileReference; lastKnownFileType = sourcecode.swift; path = activity.swift; sourceTree = "<group>"; };
		5AA1815B242B6EDB00A37ED2 /* EntryDetailViewController.swift */ = {isa = PBXFileReference; lastKnownFileType = sourcecode.swift; path = EntryDetailViewController.swift; sourceTree = "<group>"; };
		5AA1815D242BA4EA00A37ED2 /* EntryActivitiesTableViewController.swift */ = {isa = PBXFileReference; lastKnownFileType = sourcecode.swift; path = EntryActivitiesTableViewController.swift; sourceTree = "<group>"; };
		5AA1815F242BA53700A37ED2 /* EntryActivityTableViewCell.swift */ = {isa = PBXFileReference; lastKnownFileType = sourcecode.swift; path = EntryActivityTableViewCell.swift; sourceTree = "<group>"; };
		5AA18161242BA6F200A37ED2 /* activityLog.swift */ = {isa = PBXFileReference; lastKnownFileType = sourcecode.swift; path = activityLog.swift; sourceTree = "<group>"; };
		5AA88F992458825900D7A0C7 /* entryGoalsTableViewController.swift */ = {isa = PBXFileReference; lastKnownFileType = sourcecode.swift; path = entryGoalsTableViewController.swift; sourceTree = "<group>"; };
		5AAA9D9B2451B58000BF3523 /* SymptomsTableViewController.swift */ = {isa = PBXFileReference; lastKnownFileType = sourcecode.swift; path = SymptomsTableViewController.swift; sourceTree = "<group>"; };
		5AAA9D9D2451B5E800BF3523 /* AddSymptomViewController.swift */ = {isa = PBXFileReference; lastKnownFileType = sourcecode.swift; path = AddSymptomViewController.swift; sourceTree = "<group>"; };
		5AAA9D9F2451BA2500BF3523 /* SymptomTableViewCell.swift */ = {isa = PBXFileReference; lastKnownFileType = sourcecode.swift; path = SymptomTableViewCell.swift; sourceTree = "<group>"; };
		5AAA9DA12451BAEB00BF3523 /* Symptom.swift */ = {isa = PBXFileReference; lastKnownFileType = sourcecode.swift; path = Symptom.swift; sourceTree = "<group>"; };
		5AAA9DA32451D4F700BF3523 /* entrySymptomsTableViewController.swift */ = {isa = PBXFileReference; lastKnownFileType = sourcecode.swift; path = entrySymptomsTableViewController.swift; sourceTree = "<group>"; };
		5AB2FBEB2428D37B009336E7 /* chartsViewController.swift */ = {isa = PBXFileReference; lastKnownFileType = sourcecode.swift; path = chartsViewController.swift; sourceTree = "<group>"; };
		5AB6FDBA24571B03002D2C32 /* furtherStatsViewController.swift */ = {isa = PBXFileReference; lastKnownFileType = sourcecode.swift; path = furtherStatsViewController.swift; sourceTree = "<group>"; };
		5AB6FDBC24571D60002D2C32 /* ArrayExtension.swift */ = {isa = PBXFileReference; lastKnownFileType = sourcecode.swift; path = ArrayExtension.swift; sourceTree = "<group>"; };
		5ABAC1CF2428EDC10019D62A /* pieChartDatePickerViewController.swift */ = {isa = PBXFileReference; lastKnownFileType = sourcecode.swift; path = pieChartDatePickerViewController.swift; sourceTree = "<group>"; };
		5ABAC1D1242903F60019D62A /* pieChartResultViewController.swift */ = {isa = PBXFileReference; lastKnownFileType = sourcecode.swift; path = pieChartResultViewController.swift; sourceTree = "<group>"; };
		5ABAC1D3242A3FD30019D62A /* EntriesTableViewController.swift */ = {isa = PBXFileReference; lastKnownFileType = sourcecode.swift; path = EntriesTableViewController.swift; sourceTree = "<group>"; };
		5ABAC1D5242A402D0019D62A /* EntryTableViewCell.swift */ = {isa = PBXFileReference; lastKnownFileType = sourcecode.swift; path = EntryTableViewCell.swift; sourceTree = "<group>"; };
		5ABAC1D7242A92B90019D62A /* ColorExtension.swift */ = {isa = PBXFileReference; lastKnownFileType = sourcecode.swift; path = ColorExtension.swift; sourceTree = "<group>"; };
		5AC4A473243DE9D1007F2818 /* ChartStringFormatter.swift */ = {isa = PBXFileReference; lastKnownFileType = sourcecode.swift; path = ChartStringFormatter.swift; sourceTree = "<group>"; };
		5AC9C1D82440BEA200D07683 /* UIViewExtension.swift */ = {isa = PBXFileReference; lastKnownFileType = sourcecode.swift; path = UIViewExtension.swift; sourceTree = "<group>"; };
		5AE394D324335DA600544B89 /* BarChartViewController.swift */ = {isa = PBXFileReference; lastKnownFileType = sourcecode.swift; path = BarChartViewController.swift; sourceTree = "<group>"; };
		5AE394D524335FD400544B89 /* searchViewController.swift */ = {isa = PBXFileReference; lastKnownFileType = sourcecode.swift; path = searchViewController.swift; sourceTree = "<group>"; };
		5AE394D72434B48600544B89 /* searchTableViewCell.swift */ = {isa = PBXFileReference; lastKnownFileType = sourcecode.swift; path = searchTableViewCell.swift; sourceTree = "<group>"; };
		5AE394D9243B4AF200544B89 /* detailActivityViewController.swift */ = {isa = PBXFileReference; lastKnownFileType = sourcecode.swift; path = detailActivityViewController.swift; sourceTree = "<group>"; };
		5AE394DD243B6A2D00544B89 /* dailyActivityTableViewCell.swift */ = {isa = PBXFileReference; lastKnownFileType = sourcecode.swift; path = dailyActivityTableViewCell.swift; sourceTree = "<group>"; };
		5AE394DF243CA94800544B89 /* scatterGraphViewController.swift */ = {isa = PBXFileReference; lastKnownFileType = sourcecode.swift; path = scatterGraphViewController.swift; sourceTree = "<group>"; };
		5AF5B9912445F87D00BF0790 /* lineChartViewController.swift */ = {isa = PBXFileReference; lastKnownFileType = sourcecode.swift; path = lineChartViewController.swift; sourceTree = "<group>"; };
		5AF927252449C20D00198213 /* previousPlanTableViewCell.swift */ = {isa = PBXFileReference; lastKnownFileType = sourcecode.swift; path = previousPlanTableViewCell.swift; sourceTree = "<group>"; };
		5AF927272449C26D00198213 /* previousPlansTableViewController.swift */ = {isa = PBXFileReference; lastKnownFileType = sourcecode.swift; path = previousPlansTableViewController.swift; sourceTree = "<group>"; };
		5AF927292449C52A00198213 /* planDetailTableViewController.swift */ = {isa = PBXFileReference; lastKnownFileType = sourcecode.swift; path = planDetailTableViewController.swift; sourceTree = "<group>"; };
		5AF9272B2449C5AB00198213 /* planDetailTableViewCell.swift */ = {isa = PBXFileReference; lastKnownFileType = sourcecode.swift; path = planDetailTableViewCell.swift; sourceTree = "<group>"; };
		5AF9272D2449CB2000198213 /* ActivityPlan.swift */ = {isa = PBXFileReference; lastKnownFileType = sourcecode.swift; path = ActivityPlan.swift; sourceTree = "<group>"; };
		5AF9272F244A09F300198213 /* todaysPlanTableViewController.swift */ = {isa = PBXFileReference; lastKnownFileType = sourcecode.swift; path = todaysPlanTableViewController.swift; sourceTree = "<group>"; };
		5AF92731244B133100198213 /* newGoalViewController.swift */ = {isa = PBXFileReference; lastKnownFileType = sourcecode.swift; path = newGoalViewController.swift; sourceTree = "<group>"; };
		5AF92733244B1C4E00198213 /* todaysPlanTableViewCell.swift */ = {isa = PBXFileReference; lastKnownFileType = sourcecode.swift; path = todaysPlanTableViewCell.swift; sourceTree = "<group>"; };
		DC0CC1B5C0625E2D5C460747 /* Pods-DissTest.debug.xcconfig */ = {isa = PBXFileReference; includeInIndex = 1; lastKnownFileType = text.xcconfig; name = "Pods-DissTest.debug.xcconfig"; path = "Target Support Files/Pods-DissTest/Pods-DissTest.debug.xcconfig"; sourceTree = "<group>"; };
		DFBE108438DB39A3E8D836AE /* Pods_DissTest.framework */ = {isa = PBXFileReference; explicitFileType = wrapper.framework; includeInIndex = 0; path = Pods_DissTest.framework; sourceTree = BUILT_PRODUCTS_DIR; };
/* End PBXFileReference section */

/* Begin PBXFrameworksBuildPhase section */
		5A31462F246838C700B7DBA3 /* Frameworks */ = {
			isa = PBXFrameworksBuildPhase;
			buildActionMask = 2147483647;
			files = (
			);
			runOnlyForDeploymentPostprocessing = 0;
		};
		5A72D85623F9D25600441B9B /* Frameworks */ = {
			isa = PBXFrameworksBuildPhase;
			buildActionMask = 2147483647;
			files = (
				E5EBC7FE22717F752E90F28F /* Pods_DissTest.framework in Frameworks */,
			);
			runOnlyForDeploymentPostprocessing = 0;
		};
/* End PBXFrameworksBuildPhase section */

/* Begin PBXGroup section */
		5A314633246838C700B7DBA3 /* DissTestUnitTests */ = {
			isa = PBXGroup;
			children = (
				5A314634246838C700B7DBA3 /* DissTestUnitTests.swift */,
				5A314636246838C700B7DBA3 /* Info.plist */,
			);
			path = DissTestUnitTests;
			sourceTree = "<group>";
		};
		5A72D85023F9D25600441B9B = {
			isa = PBXGroup;
			children = (
				5A72D85B23F9D25600441B9B /* DissTest */,
				5A314633246838C700B7DBA3 /* DissTestUnitTests */,
				5A72D85A23F9D25600441B9B /* Products */,
				8ED15F3CFCD8C1DE95130EAB /* Pods */,
				8B8DC7E1FF06AE80480605C0 /* Frameworks */,
			);
			sourceTree = "<group>";
		};
		5A72D85A23F9D25600441B9B /* Products */ = {
			isa = PBXGroup;
			children = (
				5A72D85923F9D25600441B9B /* DissTest.app */,
				5A314632246838C700B7DBA3 /* DissTestUnitTests.xctest */,
			);
			name = Products;
			sourceTree = "<group>";
		};
		5A72D85B23F9D25600441B9B /* DissTest */ = {
			isa = PBXGroup;
			children = (
				5A72D85C23F9D25600441B9B /* AppDelegate.swift */,
				5A72D85E23F9D25600441B9B /* SceneDelegate.swift */,
				5A72D86023F9D25600441B9B /* LogsViewController.swift */,
				5A7C5B19241BBD190047CD0B /* LifestyleEntryViewController.swift */,
				5A72D86223F9D25600441B9B /* Main.storyboard */,
				5A204F1F2468661D00F2ABB9 /* helpTableViewCell.swift */,
				5AB6FDBC24571D60002D2C32 /* ArrayExtension.swift */,
				5AB6FDBA24571B03002D2C32 /* furtherStatsViewController.swift */,
				5AAA9D9D2451B5E800BF3523 /* AddSymptomViewController.swift */,
				5AF9272F244A09F300198213 /* todaysPlanTableViewController.swift */,
				5AF927252449C20D00198213 /* previousPlanTableViewCell.swift */,
				5AF927272449C26D00198213 /* previousPlansTableViewController.swift */,
				5AC4A473243DE9D1007F2818 /* ChartStringFormatter.swift */,
				5AE394DF243CA94800544B89 /* scatterGraphViewController.swift */,
				5AE394D9243B4AF200544B89 /* detailActivityViewController.swift */,
				5AE394D72434B48600544B89 /* searchTableViewCell.swift */,
				5AE394D524335FD400544B89 /* searchViewController.swift */,
				5AC9C1D82440BEA200D07683 /* UIViewExtension.swift */,
				5AE394D324335DA600544B89 /* BarChartViewController.swift */,
				5AF5B9912445F87D00BF0790 /* lineChartViewController.swift */,
				5AA1815F242BA53700A37ED2 /* EntryActivityTableViewCell.swift */,
				5AA1815D242BA4EA00A37ED2 /* EntryActivitiesTableViewController.swift */,
				5AA1815B242B6EDB00A37ED2 /* EntryDetailViewController.swift */,
				5ABAC1D5242A402D0019D62A /* EntryTableViewCell.swift */,
				5ABAC1D1242903F60019D62A /* pieChartResultViewController.swift */,
				5ABAC1CF2428EDC10019D62A /* pieChartDatePickerViewController.swift */,
				5AB2FBEB2428D37B009336E7 /* chartsViewController.swift */,
				5A3FFA21242CE45200F842F6 /* ChartsScreenViewController.swift */,
				5A95EB5124213033007F2E93 /* TrendsViewController.swift */,
				5ABAC1D3242A3FD30019D62A /* EntriesTableViewController.swift */,
				5AF927292449C52A00198213 /* planDetailTableViewController.swift */,
				5AF9272B2449C5AB00198213 /* planDetailTableViewCell.swift */,
				5ABAC1D7242A92B90019D62A /* ColorExtension.swift */,
				5A844DF5241E9A4B0048EDD0 /* createNewActivityViewController.swift */,
				5AF92733244B1C4E00198213 /* todaysPlanTableViewCell.swift */,
				5AA88F992458825900D7A0C7 /* entryGoalsTableViewController.swift */,
				5A844DF7241E9F950048EDD0 /* ActivitiesTableViewController.swift */,
				5A95EB552421881C007F2E93 /* ActivitiesTableViewCell.swift */,
				5A7C5B1D241BCB510047CD0B /* ActivitiesViewController.swift */,
				5AAA9D9B2451B58000BF3523 /* SymptomsTableViewController.swift */,
				5A9185442441E36400A4AEEC /* adviceViewController.swift */,
				5A7C5B17241BB4F40047CD0B /* MoodEntryViewController.swift */,
				5A7C5B03240BEFD90047CD0B /* NotesViewController.swift */,
				5A72D86523F9D26700441B9B /* Assets.xcassets */,
				5A72D86723F9D26700441B9B /* LaunchScreen.storyboard */,
				5A72D86A23F9D26700441B9B /* Info.plist */,
				5A7C5B15241A7E9E0047CD0B /* MoodEntry.swift */,
				5A264B9024485A2E007F3657 /* FinalDatabase.swift */,
				5AAA9DA12451BAEB00BF3523 /* Symptom.swift */,
				5AF92731244B133100198213 /* newGoalViewController.swift */,
				5AAA9D9F2451BA2500BF3523 /* SymptomTableViewCell.swift */,
				5AAA9DA32451D4F700BF3523 /* entrySymptomsTableViewController.swift */,
				5AF9272D2449CB2000198213 /* ActivityPlan.swift */,
				5A264B9224485AC8007F3657 /* moodAppDatabase.db */,
				5AA18161242BA6F200A37ED2 /* activityLog.swift */,
				5A95EB5724218B9E007F2E93 /* activity.swift */,
				5A95EB5324216E70007F2E93 /* ActivityPlanViewController.swift */,
				5AE394DD243B6A2D00544B89 /* dailyActivityTableViewCell.swift */,
				5A204F1D246865E600F2ABB9 /* helpTableViewController.swift */,
			);
			path = DissTest;
			sourceTree = "<group>";
		};
		8B8DC7E1FF06AE80480605C0 /* Frameworks */ = {
			isa = PBXGroup;
			children = (
				DFBE108438DB39A3E8D836AE /* Pods_DissTest.framework */,
			);
			name = Frameworks;
			sourceTree = "<group>";
		};
		8ED15F3CFCD8C1DE95130EAB /* Pods */ = {
			isa = PBXGroup;
			children = (
				DC0CC1B5C0625E2D5C460747 /* Pods-DissTest.debug.xcconfig */,
				0EC025DE24703C6E234DBD9E /* Pods-DissTest.release.xcconfig */,
			);
			path = Pods;
			sourceTree = "<group>";
		};
/* End PBXGroup section */

/* Begin PBXNativeTarget section */
		5A314631246838C700B7DBA3 /* DissTestUnitTests */ = {
			isa = PBXNativeTarget;
			buildConfigurationList = 5A314639246838C700B7DBA3 /* Build configuration list for PBXNativeTarget "DissTestUnitTests" */;
			buildPhases = (
				5A31462E246838C700B7DBA3 /* Sources */,
				5A31462F246838C700B7DBA3 /* Frameworks */,
				5A314630246838C700B7DBA3 /* Resources */,
			);
			buildRules = (
			);
			dependencies = (
				5A314638246838C700B7DBA3 /* PBXTargetDependency */,
			);
			name = DissTestUnitTests;
			productName = DissTestUnitTests;
			productReference = 5A314632246838C700B7DBA3 /* DissTestUnitTests.xctest */;
			productType = "com.apple.product-type.bundle.unit-test";
		};
		5A72D85823F9D25600441B9B /* DissTest */ = {
			isa = PBXNativeTarget;
			buildConfigurationList = 5A72D86D23F9D26700441B9B /* Build configuration list for PBXNativeTarget "DissTest" */;
			buildPhases = (
				46B7ECCCC764B8DA65CDF39B /* [CP] Check Pods Manifest.lock */,
				5A72D85523F9D25600441B9B /* Sources */,
				5A72D85623F9D25600441B9B /* Frameworks */,
				5A72D85723F9D25600441B9B /* Resources */,
				779542D4EA58AC01E7381A46 /* [CP] Embed Pods Frameworks */,
			);
			buildRules = (
			);
			dependencies = (
			);
			name = DissTest;
			productName = DissTest;
			productReference = 5A72D85923F9D25600441B9B /* DissTest.app */;
			productType = "com.apple.product-type.application";
		};
/* End PBXNativeTarget section */

/* Begin PBXProject section */
		5A72D85123F9D25600441B9B /* Project object */ = {
			isa = PBXProject;
			attributes = {
				LastSwiftUpdateCheck = 1140;
				LastUpgradeCheck = 1130;
				ORGANIZATIONNAME = "Owen Malcolmson-Priest";
				TargetAttributes = {
					5A314631246838C700B7DBA3 = {
						CreatedOnToolsVersion = 11.4;
						TestTargetID = 5A72D85823F9D25600441B9B;
					};
					5A72D85823F9D25600441B9B = {
						CreatedOnToolsVersion = 11.3.1;
					};
				};
			};
			buildConfigurationList = 5A72D85423F9D25600441B9B /* Build configuration list for PBXProject "DissTest" */;
			compatibilityVersion = "Xcode 9.3";
			developmentRegion = en;
			hasScannedForEncodings = 0;
			knownRegions = (
				en,
				Base,
			);
			mainGroup = 5A72D85023F9D25600441B9B;
			productRefGroup = 5A72D85A23F9D25600441B9B /* Products */;
			projectDirPath = "";
			projectRoot = "";
			targets = (
				5A72D85823F9D25600441B9B /* DissTest */,
				5A314631246838C700B7DBA3 /* DissTestUnitTests */,
			);
		};
/* End PBXProject section */

/* Begin PBXResourcesBuildPhase section */
		5A314630246838C700B7DBA3 /* Resources */ = {
			isa = PBXResourcesBuildPhase;
			buildActionMask = 2147483647;
			files = (
			);
			runOnlyForDeploymentPostprocessing = 0;
		};
		5A72D85723F9D25600441B9B /* Resources */ = {
			isa = PBXResourcesBuildPhase;
			buildActionMask = 2147483647;
			files = (
				5A264B9324485AC8007F3657 /* moodAppDatabase.db in Resources */,
				5A72D86923F9D26700441B9B /* LaunchScreen.storyboard in Resources */,
				5A72D86623F9D26700441B9B /* Assets.xcassets in Resources */,
				5A72D86423F9D25600441B9B /* Main.storyboard in Resources */,
			);
			runOnlyForDeploymentPostprocessing = 0;
		};
/* End PBXResourcesBuildPhase section */

/* Begin PBXShellScriptBuildPhase section */
		46B7ECCCC764B8DA65CDF39B /* [CP] Check Pods Manifest.lock */ = {
			isa = PBXShellScriptBuildPhase;
			buildActionMask = 2147483647;
			files = (
			);
			inputFileListPaths = (
			);
			inputPaths = (
				"${PODS_PODFILE_DIR_PATH}/Podfile.lock",
				"${PODS_ROOT}/Manifest.lock",
			);
			name = "[CP] Check Pods Manifest.lock";
			outputFileListPaths = (
			);
			outputPaths = (
				"$(DERIVED_FILE_DIR)/Pods-DissTest-checkManifestLockResult.txt",
			);
			runOnlyForDeploymentPostprocessing = 0;
			shellPath = /bin/sh;
			shellScript = "diff \"${PODS_PODFILE_DIR_PATH}/Podfile.lock\" \"${PODS_ROOT}/Manifest.lock\" > /dev/null\nif [ $? != 0 ] ; then\n    # print error to STDERR\n    echo \"error: The sandbox is not in sync with the Podfile.lock. Run 'pod install' or update your CocoaPods installation.\" >&2\n    exit 1\nfi\n# This output is used by Xcode 'outputs' to avoid re-running this script phase.\necho \"SUCCESS\" > \"${SCRIPT_OUTPUT_FILE_0}\"\n";
			showEnvVarsInLog = 0;
		};
		779542D4EA58AC01E7381A46 /* [CP] Embed Pods Frameworks */ = {
			isa = PBXShellScriptBuildPhase;
			buildActionMask = 2147483647;
			files = (
			);
			inputFileListPaths = (
				"${PODS_ROOT}/Target Support Files/Pods-DissTest/Pods-DissTest-frameworks-${CONFIGURATION}-input-files.xcfilelist",
			);
			name = "[CP] Embed Pods Frameworks";
			outputFileListPaths = (
				"${PODS_ROOT}/Target Support Files/Pods-DissTest/Pods-DissTest-frameworks-${CONFIGURATION}-output-files.xcfilelist",
			);
			runOnlyForDeploymentPostprocessing = 0;
			shellPath = /bin/sh;
			shellScript = "\"${PODS_ROOT}/Target Support Files/Pods-DissTest/Pods-DissTest-frameworks.sh\"\n";
			showEnvVarsInLog = 0;
		};
/* End PBXShellScriptBuildPhase section */

/* Begin PBXSourcesBuildPhase section */
		5A31462E246838C700B7DBA3 /* Sources */ = {
			isa = PBXSourcesBuildPhase;
			buildActionMask = 2147483647;
			files = (
				5A31463D2468399200B7DBA3 /* FinalDatabase.swift in Sources */,
				5A314635246838C700B7DBA3 /* DissTestUnitTests.swift in Sources */,
				5A31464124683B5600B7DBA3 /* activityLog.swift in Sources */,
				5A31463C2468398300B7DBA3 /* LogsViewController.swift in Sources */,
				5A31463F24683B4E00B7DBA3 /* Symptom.swift in Sources */,
				5A31463E24683AF600B7DBA3 /* MoodEntry.swift in Sources */,
				5A31464224683B5900B7DBA3 /* activity.swift in Sources */,
				5A31464024683B5100B7DBA3 /* ActivityPlan.swift in Sources */,
			);
			runOnlyForDeploymentPostprocessing = 0;
		};
		5A72D85523F9D25600441B9B /* Sources */ = {
			isa = PBXSourcesBuildPhase;
			buildActionMask = 2147483647;
			files = (
				5AF92734244B1C4E00198213 /* todaysPlanTableViewCell.swift in Sources */,
				5ABAC1D6242A402E0019D62A /* EntryTableViewCell.swift in Sources */,
				5A7C5B18241BB4F50047CD0B /* MoodEntryViewController.swift in Sources */,
				5AF92732244B133100198213 /* newGoalViewController.swift in Sources */,
				5A3FFA22242CE45300F842F6 /* ChartsScreenViewController.swift in Sources */,
				5A7C5B04240BEFD90047CD0B /* NotesViewController.swift in Sources */,
				5AA88F9A2458825900D7A0C7 /* entryGoalsTableViewController.swift in Sources */,
				5AE394E0243CA94800544B89 /* scatterGraphViewController.swift in Sources */,
				5A9185452441E36400A4AEEC /* adviceViewController.swift in Sources */,
				5A844DF6241E9A4B0048EDD0 /* createNewActivityViewController.swift in Sources */,
				5AF92730244A09F300198213 /* todaysPlanTableViewController.swift in Sources */,
				5AF927282449C26D00198213 /* previousPlansTableViewController.swift in Sources */,
				5AB6FDBD24571D60002D2C32 /* ArrayExtension.swift in Sources */,
				5ABAC1D8242A92B90019D62A /* ColorExtension.swift in Sources */,
				5AF927262449C20D00198213 /* previousPlanTableViewCell.swift in Sources */,
				5AF9272A2449C52A00198213 /* planDetailTableViewController.swift in Sources */,
				5A95EB5224213033007F2E93 /* TrendsViewController.swift in Sources */,
				5AE394D424335DA600544B89 /* BarChartViewController.swift in Sources */,
				5AAA9DA02451BA2500BF3523 /* SymptomTableViewCell.swift in Sources */,
				5ABAC1D4242A3FD40019D62A /* EntriesTableViewController.swift in Sources */,
				5A204F1E246865E600F2ABB9 /* helpTableViewController.swift in Sources */,
				5AF9272E2449CB2000198213 /* ActivityPlan.swift in Sources */,
				5A264B9124485A2E007F3657 /* FinalDatabase.swift in Sources */,
				5AE394D624335FD400544B89 /* searchViewController.swift in Sources */,
				5AC4A474243DE9D1007F2818 /* ChartStringFormatter.swift in Sources */,
				5AA1815E242BA4EA00A37ED2 /* EntryActivitiesTableViewController.swift in Sources */,
				5AE394DA243B4AF200544B89 /* detailActivityViewController.swift in Sources */,
				5AAA9D9E2451B5E800BF3523 /* AddSymptomViewController.swift in Sources */,
				5AA18160242BA53700A37ED2 /* EntryActivityTableViewCell.swift in Sources */,
				5AF9272C2449C5AB00198213 /* planDetailTableViewCell.swift in Sources */,
				5AA18162242BA6F200A37ED2 /* activityLog.swift in Sources */,
				5AAA9DA22451BAEB00BF3523 /* Symptom.swift in Sources */,
				5ABAC1D2242903F60019D62A /* pieChartResultViewController.swift in Sources */,
				5AE394D82434B48700544B89 /* searchTableViewCell.swift in Sources */,
				5AAA9DA42451D4F700BF3523 /* entrySymptomsTableViewController.swift in Sources */,
				5AAA9D9C2451B58000BF3523 /* SymptomsTableViewController.swift in Sources */,
				5AE394DE243B6A2D00544B89 /* dailyActivityTableViewCell.swift in Sources */,
				5ABAC1D02428EDC10019D62A /* pieChartDatePickerViewController.swift in Sources */,
				5A7C5B1E241BCB510047CD0B /* ActivitiesViewController.swift in Sources */,
				5AF5B9922445F87D00BF0790 /* lineChartViewController.swift in Sources */,
				5A95EB5824218B9E007F2E93 /* activity.swift in Sources */,
				5AB6FDBB24571B03002D2C32 /* furtherStatsViewController.swift in Sources */,
				5A7C5B16241A7E9E0047CD0B /* MoodEntry.swift in Sources */,
				5A95EB5424216E70007F2E93 /* ActivityPlanViewController.swift in Sources */,
				5AA1815C242B6EDB00A37ED2 /* EntryDetailViewController.swift in Sources */,
				5A72D86123F9D25600441B9B /* LogsViewController.swift in Sources */,
				5A844DF8241E9F950048EDD0 /* ActivitiesTableViewController.swift in Sources */,
				5AC9C1D92440BEA200D07683 /* UIViewExtension.swift in Sources */,
				5A72D85D23F9D25600441B9B /* AppDelegate.swift in Sources */,
				5A72D85F23F9D25600441B9B /* SceneDelegate.swift in Sources */,
				5AB2FBEC2428D37B009336E7 /* chartsViewController.swift in Sources */,
				5A204F202468661D00F2ABB9 /* helpTableViewCell.swift in Sources */,
				5A95EB562421881C007F2E93 /* ActivitiesTableViewCell.swift in Sources */,
				5A7C5B1A241BBD190047CD0B /* LifestyleEntryViewController.swift in Sources */,
			);
			runOnlyForDeploymentPostprocessing = 0;
		};
/* End PBXSourcesBuildPhase section */

/* Begin PBXTargetDependency section */
		5A314638246838C700B7DBA3 /* PBXTargetDependency */ = {
			isa = PBXTargetDependency;
			target = 5A72D85823F9D25600441B9B /* DissTest */;
			targetProxy = 5A314637246838C700B7DBA3 /* PBXContainerItemProxy */;
		};
/* End PBXTargetDependency section */

/* Begin PBXVariantGroup section */
		5A72D86223F9D25600441B9B /* Main.storyboard */ = {
			isa = PBXVariantGroup;
			children = (
				5A72D86323F9D25600441B9B /* Base */,
			);
			name = Main.storyboard;
			sourceTree = "<group>";
		};
		5A72D86723F9D26700441B9B /* LaunchScreen.storyboard */ = {
			isa = PBXVariantGroup;
			children = (
				5A72D86823F9D26700441B9B /* Base */,
			);
			name = LaunchScreen.storyboard;
			sourceTree = "<group>";
		};
/* End PBXVariantGroup section */

/* Begin XCBuildConfiguration section */
		5A31463A246838C700B7DBA3 /* Debug */ = {
			isa = XCBuildConfiguration;
			buildSettings = {
				BUNDLE_LOADER = "$(TEST_HOST)";
				CODE_SIGN_STYLE = Automatic;
				DEVELOPMENT_TEAM = 67CM5BK532;
				INFOPLIST_FILE = DissTestUnitTests/Info.plist;
				IPHONEOS_DEPLOYMENT_TARGET = 13.4;
				LD_RUNPATH_SEARCH_PATHS = (
					"$(inherited)",
					"@executable_path/Frameworks",
					"@loader_path/Frameworks",
				);
				PRODUCT_BUNDLE_IDENTIFIER = owens.DissTestUnitTests;
				PRODUCT_NAME = "$(TARGET_NAME)";
				SWIFT_VERSION = 5.0;
				TARGETED_DEVICE_FAMILY = "1,2";
				TEST_HOST = "$(BUILT_PRODUCTS_DIR)/DissTest.app/DissTest";
			};
			name = Debug;
		};
		5A31463B246838C700B7DBA3 /* Release */ = {
			isa = XCBuildConfiguration;
			buildSettings = {
				BUNDLE_LOADER = "$(TEST_HOST)";
				CODE_SIGN_STYLE = Automatic;
				DEVELOPMENT_TEAM = 67CM5BK532;
				INFOPLIST_FILE = DissTestUnitTests/Info.plist;
				IPHONEOS_DEPLOYMENT_TARGET = 13.4;
				LD_RUNPATH_SEARCH_PATHS = (
					"$(inherited)",
					"@executable_path/Frameworks",
					"@loader_path/Frameworks",
				);
				PRODUCT_BUNDLE_IDENTIFIER = owens.DissTestUnitTests;
				PRODUCT_NAME = "$(TARGET_NAME)";
				SWIFT_VERSION = 5.0;
				TARGETED_DEVICE_FAMILY = "1,2";
				TEST_HOST = "$(BUILT_PRODUCTS_DIR)/DissTest.app/DissTest";
			};
			name = Release;
		};
		5A72D86B23F9D26700441B9B /* Debug */ = {
			isa = XCBuildConfiguration;
			buildSettings = {
				ALWAYS_SEARCH_USER_PATHS = NO;
				CLANG_ANALYZER_NONNULL = YES;
				CLANG_ANALYZER_NUMBER_OBJECT_CONVERSION = YES_AGGRESSIVE;
				CLANG_CXX_LANGUAGE_STANDARD = "gnu++14";
				CLANG_CXX_LIBRARY = "libc++";
				CLANG_ENABLE_MODULES = YES;
				CLANG_ENABLE_OBJC_ARC = YES;
				CLANG_ENABLE_OBJC_WEAK = YES;
				CLANG_WARN_BLOCK_CAPTURE_AUTORELEASING = YES;
				CLANG_WARN_BOOL_CONVERSION = YES;
				CLANG_WARN_COMMA = YES;
				CLANG_WARN_CONSTANT_CONVERSION = YES;
				CLANG_WARN_DEPRECATED_OBJC_IMPLEMENTATIONS = YES;
				CLANG_WARN_DIRECT_OBJC_ISA_USAGE = YES_ERROR;
				CLANG_WARN_DOCUMENTATION_COMMENTS = YES;
				CLANG_WARN_EMPTY_BODY = YES;
				CLANG_WARN_ENUM_CONVERSION = YES;
				CLANG_WARN_INFINITE_RECURSION = YES;
				CLANG_WARN_INT_CONVERSION = YES;
				CLANG_WARN_NON_LITERAL_NULL_CONVERSION = YES;
				CLANG_WARN_OBJC_IMPLICIT_RETAIN_SELF = YES;
				CLANG_WARN_OBJC_LITERAL_CONVERSION = YES;
				CLANG_WARN_OBJC_ROOT_CLASS = YES_ERROR;
				CLANG_WARN_RANGE_LOOP_ANALYSIS = YES;
				CLANG_WARN_STRICT_PROTOTYPES = YES;
				CLANG_WARN_SUSPICIOUS_MOVE = YES;
				CLANG_WARN_UNGUARDED_AVAILABILITY = YES_AGGRESSIVE;
				CLANG_WARN_UNREACHABLE_CODE = YES;
				CLANG_WARN__DUPLICATE_METHOD_MATCH = YES;
				COPY_PHASE_STRIP = NO;
				DEBUG_INFORMATION_FORMAT = dwarf;
				ENABLE_STRICT_OBJC_MSGSEND = YES;
				ENABLE_TESTABILITY = YES;
				GCC_C_LANGUAGE_STANDARD = gnu11;
				GCC_DYNAMIC_NO_PIC = NO;
				GCC_NO_COMMON_BLOCKS = YES;
				GCC_OPTIMIZATION_LEVEL = 0;
				GCC_PREPROCESSOR_DEFINITIONS = (
					"DEBUG=1",
					"$(inherited)",
				);
				GCC_WARN_64_TO_32_BIT_CONVERSION = YES;
				GCC_WARN_ABOUT_RETURN_TYPE = YES_ERROR;
				GCC_WARN_UNDECLARED_SELECTOR = YES;
				GCC_WARN_UNINITIALIZED_AUTOS = YES_AGGRESSIVE;
				GCC_WARN_UNUSED_FUNCTION = YES;
				GCC_WARN_UNUSED_VARIABLE = YES;
				IPHONEOS_DEPLOYMENT_TARGET = 13.2;
				MTL_ENABLE_DEBUG_INFO = INCLUDE_SOURCE;
				MTL_FAST_MATH = YES;
				ONLY_ACTIVE_ARCH = YES;
				SDKROOT = iphoneos;
				SWIFT_ACTIVE_COMPILATION_CONDITIONS = DEBUG;
				SWIFT_OPTIMIZATION_LEVEL = "-Onone";
			};
			name = Debug;
		};
		5A72D86C23F9D26700441B9B /* Release */ = {
			isa = XCBuildConfiguration;
			buildSettings = {
				ALWAYS_SEARCH_USER_PATHS = NO;
				CLANG_ANALYZER_NONNULL = YES;
				CLANG_ANALYZER_NUMBER_OBJECT_CONVERSION = YES_AGGRESSIVE;
				CLANG_CXX_LANGUAGE_STANDARD = "gnu++14";
				CLANG_CXX_LIBRARY = "libc++";
				CLANG_ENABLE_MODULES = YES;
				CLANG_ENABLE_OBJC_ARC = YES;
				CLANG_ENABLE_OBJC_WEAK = YES;
				CLANG_WARN_BLOCK_CAPTURE_AUTORELEASING = YES;
				CLANG_WARN_BOOL_CONVERSION = YES;
				CLANG_WARN_COMMA = YES;
				CLANG_WARN_CONSTANT_CONVERSION = YES;
				CLANG_WARN_DEPRECATED_OBJC_IMPLEMENTATIONS = YES;
				CLANG_WARN_DIRECT_OBJC_ISA_USAGE = YES_ERROR;
				CLANG_WARN_DOCUMENTATION_COMMENTS = YES;
				CLANG_WARN_EMPTY_BODY = YES;
				CLANG_WARN_ENUM_CONVERSION = YES;
				CLANG_WARN_INFINITE_RECURSION = YES;
				CLANG_WARN_INT_CONVERSION = YES;
				CLANG_WARN_NON_LITERAL_NULL_CONVERSION = YES;
				CLANG_WARN_OBJC_IMPLICIT_RETAIN_SELF = YES;
				CLANG_WARN_OBJC_LITERAL_CONVERSION = YES;
				CLANG_WARN_OBJC_ROOT_CLASS = YES_ERROR;
				CLANG_WARN_RANGE_LOOP_ANALYSIS = YES;
				CLANG_WARN_STRICT_PROTOTYPES = YES;
				CLANG_WARN_SUSPICIOUS_MOVE = YES;
				CLANG_WARN_UNGUARDED_AVAILABILITY = YES_AGGRESSIVE;
				CLANG_WARN_UNREACHABLE_CODE = YES;
				CLANG_WARN__DUPLICATE_METHOD_MATCH = YES;
				COPY_PHASE_STRIP = NO;
				DEBUG_INFORMATION_FORMAT = "dwarf-with-dsym";
				ENABLE_NS_ASSERTIONS = NO;
				ENABLE_STRICT_OBJC_MSGSEND = YES;
				GCC_C_LANGUAGE_STANDARD = gnu11;
				GCC_NO_COMMON_BLOCKS = YES;
				GCC_WARN_64_TO_32_BIT_CONVERSION = YES;
				GCC_WARN_ABOUT_RETURN_TYPE = YES_ERROR;
				GCC_WARN_UNDECLARED_SELECTOR = YES;
				GCC_WARN_UNINITIALIZED_AUTOS = YES_AGGRESSIVE;
				GCC_WARN_UNUSED_FUNCTION = YES;
				GCC_WARN_UNUSED_VARIABLE = YES;
				IPHONEOS_DEPLOYMENT_TARGET = 13.2;
				MTL_ENABLE_DEBUG_INFO = NO;
				MTL_FAST_MATH = YES;
				SDKROOT = iphoneos;
				SWIFT_COMPILATION_MODE = wholemodule;
				SWIFT_OPTIMIZATION_LEVEL = "-O";
				VALIDATE_PRODUCT = YES;
			};
			name = Release;
		};
		5A72D86E23F9D26700441B9B /* Debug */ = {
			isa = XCBuildConfiguration;
			baseConfigurationReference = DC0CC1B5C0625E2D5C460747 /* Pods-DissTest.debug.xcconfig */;
			buildSettings = {
				ASSETCATALOG_COMPILER_APPICON_NAME = AppIcon;
				CODE_SIGN_STYLE = Automatic;
				DEVELOPMENT_TEAM = 67CM5BK532;
				INFOPLIST_FILE = DissTest/Info.plist;
				LD_RUNPATH_SEARCH_PATHS = (
					"$(inherited)",
					"@executable_path/Frameworks",
				);
				PRODUCT_BUNDLE_IDENTIFIER = owens.DissTest;
				PRODUCT_NAME = "$(TARGET_NAME)";
				SWIFT_VERSION = 5.0;
				TARGETED_DEVICE_FAMILY = "1,2";
			};
			name = Debug;
		};
		5A72D86F23F9D26700441B9B /* Release */ = {
			isa = XCBuildConfiguration;
			baseConfigurationReference = 0EC025DE24703C6E234DBD9E /* Pods-DissTest.release.xcconfig */;
			buildSettings = {
				ASSETCATALOG_COMPILER_APPICON_NAME = AppIcon;
				CODE_SIGN_STYLE = Automatic;
				DEVELOPMENT_TEAM = 67CM5BK532;
				INFOPLIST_FILE = DissTest/Info.plist;
				LD_RUNPATH_SEARCH_PATHS = (
					"$(inherited)",
					"@executable_path/Frameworks",
				);
				PRODUCT_BUNDLE_IDENTIFIER = owens.DissTest;
				PRODUCT_NAME = "$(TARGET_NAME)";
				SWIFT_VERSION = 5.0;
				TARGETED_DEVICE_FAMILY = "1,2";
			};
			name = Release;
		};
/* End XCBuildConfiguration section */

/* Begin XCConfigurationList section */
		5A314639246838C700B7DBA3 /* Build configuration list for PBXNativeTarget "DissTestUnitTests" */ = {
			isa = XCConfigurationList;
			buildConfigurations = (
				5A31463A246838C700B7DBA3 /* Debug */,
				5A31463B246838C700B7DBA3 /* Release */,
			);
			defaultConfigurationIsVisible = 0;
			defaultConfigurationName = Release;
		};
		5A72D85423F9D25600441B9B /* Build configuration list for PBXProject "DissTest" */ = {
			isa = XCConfigurationList;
			buildConfigurations = (
				5A72D86B23F9D26700441B9B /* Debug */,
				5A72D86C23F9D26700441B9B /* Release */,
			);
			defaultConfigurationIsVisible = 0;
			defaultConfigurationName = Release;
		};
		5A72D86D23F9D26700441B9B /* Build configuration list for PBXNativeTarget "DissTest" */ = {
			isa = XCConfigurationList;
			buildConfigurations = (
				5A72D86E23F9D26700441B9B /* Debug */,
				5A72D86F23F9D26700441B9B /* Release */,
			);
			defaultConfigurationIsVisible = 0;
			defaultConfigurationName = Release;
		};
/* End XCConfigurationList section */
	};
	rootObject = 5A72D85123F9D25600441B9B /* Project object */;
}
