// !$*UTF8*$!
{
	archiveVersion = 1;
	classes = {
	};
	objectVersion = 51;
	objects = {

/* Begin PBXBuildFile section */
		5A72D85D23F9D25600441B9B /* AppDelegate.swift in Sources */ = {isa = PBXBuildFile; fileRef = 5A72D85C23F9D25600441B9B /* AppDelegate.swift */; };
		5A72D85F23F9D25600441B9B /* SceneDelegate.swift in Sources */ = {isa = PBXBuildFile; fileRef = 5A72D85E23F9D25600441B9B /* SceneDelegate.swift */; };
		5A72D86123F9D25600441B9B /* LogsViewController.swift in Sources */ = {isa = PBXBuildFile; fileRef = 5A72D86023F9D25600441B9B /* LogsViewController.swift */; };
		5A72D86423F9D25600441B9B /* Main.storyboard in Resources */ = {isa = PBXBuildFile; fileRef = 5A72D86223F9D25600441B9B /* Main.storyboard */; };
		5A72D86623F9D26700441B9B /* Assets.xcassets in Resources */ = {isa = PBXBuildFile; fileRef = 5A72D86523F9D26700441B9B /* Assets.xcassets */; };
		5A72D86923F9D26700441B9B /* LaunchScreen.storyboard in Resources */ = {isa = PBXBuildFile; fileRef = 5A72D86723F9D26700441B9B /* LaunchScreen.storyboard */; };
		5A7C5B04240BEFD90047CD0B /* NotesViewController.swift in Sources */ = {isa = PBXBuildFile; fileRef = 5A7C5B03240BEFD90047CD0B /* NotesViewController.swift */; };
		5A7C5B10240D3FE80047CD0B /* DBAccess.swift in Sources */ = {isa = PBXBuildFile; fileRef = 5A7C5B0F240D3FE80047CD0B /* DBAccess.swift */; };
		5A7C5B142416C64C0047CD0B /* DataStore.swift in Sources */ = {isa = PBXBuildFile; fileRef = 5A7C5B132416C64C0047CD0B /* DataStore.swift */; };
		5A7C5B16241A7E9E0047CD0B /* MoodEntry.swift in Sources */ = {isa = PBXBuildFile; fileRef = 5A7C5B15241A7E9E0047CD0B /* MoodEntry.swift */; };
		5A7C5B18241BB4F50047CD0B /* MoodEntryViewController.swift in Sources */ = {isa = PBXBuildFile; fileRef = 5A7C5B17241BB4F40047CD0B /* MoodEntryViewController.swift */; };
		5A7C5B1A241BBD190047CD0B /* LifestyleEntryViewController.swift in Sources */ = {isa = PBXBuildFile; fileRef = 5A7C5B19241BBD190047CD0B /* LifestyleEntryViewController.swift */; };
		5A7C5B1E241BCB510047CD0B /* ActivitiesViewController.swift in Sources */ = {isa = PBXBuildFile; fileRef = 5A7C5B1D241BCB510047CD0B /* ActivitiesViewController.swift */; };
		5A844DF4241E79E70048EDD0 /* NavViewController.swift in Sources */ = {isa = PBXBuildFile; fileRef = 5A844DF3241E79E70048EDD0 /* NavViewController.swift */; };
		5A844DF6241E9A4B0048EDD0 /* createNewActivityViewController.swift in Sources */ = {isa = PBXBuildFile; fileRef = 5A844DF5241E9A4B0048EDD0 /* createNewActivityViewController.swift */; };
		5A844DF8241E9F950048EDD0 /* ActivitiesTableViewController.swift in Sources */ = {isa = PBXBuildFile; fileRef = 5A844DF7241E9F950048EDD0 /* ActivitiesTableViewController.swift */; };
		5A95EB1C241FB713007F2E93 /* table.db in Resources */ = {isa = PBXBuildFile; fileRef = 5A95EB1B241FB713007F2E93 /* table.db */; };
		5A95EB1E241FB839007F2E93 /* new.db.sql in Resources */ = {isa = PBXBuildFile; fileRef = 5A95EB1D241FB838007F2E93 /* new.db.sql */; };
		5A95EB20241FB871007F2E93 /* newDatabase.swift in Sources */ = {isa = PBXBuildFile; fileRef = 5A95EB1F241FB871007F2E93 /* newDatabase.swift */; };
		5A95EB22241FBC4D007F2E93 /* anothertest in Resources */ = {isa = PBXBuildFile; fileRef = 5A95EB21241FBC4D007F2E93 /* anothertest */; };
		5A95EB24241FC130007F2E93 /* anothertest.sql in Resources */ = {isa = PBXBuildFile; fileRef = 5A95EB23241FC130007F2E93 /* anothertest.sql */; };
		5A95EB26241FC1EE007F2E93 /* hello.db in Resources */ = {isa = PBXBuildFile; fileRef = 5A95EB25241FC1EE007F2E93 /* hello.db */; };
		5A95EB4E241FE1C0007F2E93 /* DataStoreRebuild.swift in Sources */ = {isa = PBXBuildFile; fileRef = 5A95EB4D241FE1C0007F2E93 /* DataStoreRebuild.swift */; };
		5A95EB50241FE1D4007F2E93 /* databaseForNewProject.db in Resources */ = {isa = PBXBuildFile; fileRef = 5A95EB4F241FE1D4007F2E93 /* databaseForNewProject.db */; };
		5A95EB5224213033007F2E93 /* TrendsViewController.swift in Sources */ = {isa = PBXBuildFile; fileRef = 5A95EB5124213033007F2E93 /* TrendsViewController.swift */; };
		5A95EB5424216E70007F2E93 /* ActivityPlanViewController.swift in Sources */ = {isa = PBXBuildFile; fileRef = 5A95EB5324216E70007F2E93 /* ActivityPlanViewController.swift */; };
		5A95EB562421881C007F2E93 /* ActivitiesTableViewCell.swift in Sources */ = {isa = PBXBuildFile; fileRef = 5A95EB552421881C007F2E93 /* ActivitiesTableViewCell.swift */; };
		5A95EB5824218B9E007F2E93 /* activity.swift in Sources */ = {isa = PBXBuildFile; fileRef = 5A95EB5724218B9E007F2E93 /* activity.swift */; };
		5AB2FBEC2428D37B009336E7 /* chartsViewController.swift in Sources */ = {isa = PBXBuildFile; fileRef = 5AB2FBEB2428D37B009336E7 /* chartsViewController.swift */; };
		5ABAC1D02428EDC10019D62A /* pieChartDatePickerViewController.swift in Sources */ = {isa = PBXBuildFile; fileRef = 5ABAC1CF2428EDC10019D62A /* pieChartDatePickerViewController.swift */; };
		5ABAC1D2242903F60019D62A /* pieChartResultViewController.swift in Sources */ = {isa = PBXBuildFile; fileRef = 5ABAC1D1242903F60019D62A /* pieChartResultViewController.swift */; };
		5ABAC1D4242A3FD40019D62A /* EntriesTableViewController.swift in Sources */ = {isa = PBXBuildFile; fileRef = 5ABAC1D3242A3FD30019D62A /* EntriesTableViewController.swift */; };
		5ABAC1D6242A402E0019D62A /* EntryTableViewCell.swift in Sources */ = {isa = PBXBuildFile; fileRef = 5ABAC1D5242A402D0019D62A /* EntryTableViewCell.swift */; };
		5ABAC1D8242A92B90019D62A /* ColorExtension.swift in Sources */ = {isa = PBXBuildFile; fileRef = 5ABAC1D7242A92B90019D62A /* ColorExtension.swift */; };
		E5EBC7FE22717F752E90F28F /* Pods_DissTest.framework in Frameworks */ = {isa = PBXBuildFile; fileRef = DFBE108438DB39A3E8D836AE /* Pods_DissTest.framework */; };
/* End PBXBuildFile section */

/* Begin PBXFileReference section */
		0EC025DE24703C6E234DBD9E /* Pods-DissTest.release.xcconfig */ = {isa = PBXFileReference; includeInIndex = 1; lastKnownFileType = text.xcconfig; name = "Pods-DissTest.release.xcconfig"; path = "Target Support Files/Pods-DissTest/Pods-DissTest.release.xcconfig"; sourceTree = "<group>"; };
		5A72D85923F9D25600441B9B /* DissTest.app */ = {isa = PBXFileReference; explicitFileType = wrapper.application; includeInIndex = 0; path = DissTest.app; sourceTree = BUILT_PRODUCTS_DIR; };
		5A72D85C23F9D25600441B9B /* AppDelegate.swift */ = {isa = PBXFileReference; lastKnownFileType = sourcecode.swift; path = AppDelegate.swift; sourceTree = "<group>"; };
		5A72D85E23F9D25600441B9B /* SceneDelegate.swift */ = {isa = PBXFileReference; lastKnownFileType = sourcecode.swift; path = SceneDelegate.swift; sourceTree = "<group>"; };
		5A72D86023F9D25600441B9B /* LogsViewController.swift */ = {isa = PBXFileReference; lastKnownFileType = sourcecode.swift; path = LogsViewController.swift; sourceTree = "<group>"; };
		5A72D86323F9D25600441B9B /* Base */ = {isa = PBXFileReference; lastKnownFileType = file.storyboard; name = Base; path = Base.lproj/Main.storyboard; sourceTree = "<group>"; };
		5A72D86523F9D26700441B9B /* Assets.xcassets */ = {isa = PBXFileReference; lastKnownFileType = folder.assetcatalog; path = Assets.xcassets; sourceTree = "<group>"; };
		5A72D86823F9D26700441B9B /* Base */ = {isa = PBXFileReference; lastKnownFileType = file.storyboard; name = Base; path = Base.lproj/LaunchScreen.storyboard; sourceTree = "<group>"; };
		5A72D86A23F9D26700441B9B /* Info.plist */ = {isa = PBXFileReference; lastKnownFileType = text.plist.xml; path = Info.plist; sourceTree = "<group>"; };
		5A7C5B03240BEFD90047CD0B /* NotesViewController.swift */ = {isa = PBXFileReference; lastKnownFileType = sourcecode.swift; path = NotesViewController.swift; sourceTree = "<group>"; };
		5A7C5B0F240D3FE80047CD0B /* DBAccess.swift */ = {isa = PBXFileReference; lastKnownFileType = sourcecode.swift; path = DBAccess.swift; sourceTree = "<group>"; };
		5A7C5B132416C64C0047CD0B /* DataStore.swift */ = {isa = PBXFileReference; lastKnownFileType = sourcecode.swift; path = DataStore.swift; sourceTree = "<group>"; };
		5A7C5B15241A7E9E0047CD0B /* MoodEntry.swift */ = {isa = PBXFileReference; lastKnownFileType = sourcecode.swift; path = MoodEntry.swift; sourceTree = "<group>"; };
		5A7C5B17241BB4F40047CD0B /* MoodEntryViewController.swift */ = {isa = PBXFileReference; lastKnownFileType = sourcecode.swift; path = MoodEntryViewController.swift; sourceTree = "<group>"; };
		5A7C5B19241BBD190047CD0B /* LifestyleEntryViewController.swift */ = {isa = PBXFileReference; lastKnownFileType = sourcecode.swift; path = LifestyleEntryViewController.swift; sourceTree = "<group>"; };
		5A7C5B1D241BCB510047CD0B /* ActivitiesViewController.swift */ = {isa = PBXFileReference; lastKnownFileType = sourcecode.swift; path = ActivitiesViewController.swift; sourceTree = "<group>"; };
		5A844DF3241E79E70048EDD0 /* NavViewController.swift */ = {isa = PBXFileReference; lastKnownFileType = sourcecode.swift; path = NavViewController.swift; sourceTree = "<group>"; };
		5A844DF5241E9A4B0048EDD0 /* createNewActivityViewController.swift */ = {isa = PBXFileReference; lastKnownFileType = sourcecode.swift; path = createNewActivityViewController.swift; sourceTree = "<group>"; };
		5A844DF7241E9F950048EDD0 /* ActivitiesTableViewController.swift */ = {isa = PBXFileReference; lastKnownFileType = sourcecode.swift; path = ActivitiesTableViewController.swift; sourceTree = "<group>"; };
		5A95EB1B241FB713007F2E93 /* table.db */ = {isa = PBXFileReference; lastKnownFileType = file; name = table.db; path = ../../../table.db; sourceTree = "<group>"; };
		5A95EB1D241FB838007F2E93 /* new.db.sql */ = {isa = PBXFileReference; fileEncoding = 4; lastKnownFileType = text; path = new.db.sql; sourceTree = "<group>"; };
		5A95EB1F241FB871007F2E93 /* newDatabase.swift */ = {isa = PBXFileReference; lastKnownFileType = sourcecode.swift; path = newDatabase.swift; sourceTree = "<group>"; };
		5A95EB21241FBC4D007F2E93 /* anothertest */ = {isa = PBXFileReference; lastKnownFileType = file; name = anothertest; path = ../../../anothertest; sourceTree = "<group>"; };
		5A95EB23241FC130007F2E93 /* anothertest.sql */ = {isa = PBXFileReference; fileEncoding = 4; lastKnownFileType = text; name = anothertest.sql; path = ../../../anothertest.sql; sourceTree = "<group>"; };
		5A95EB25241FC1EE007F2E93 /* hello.db */ = {isa = PBXFileReference; lastKnownFileType = file; name = hello.db; path = ../../../hello.db; sourceTree = "<group>"; };
		5A95EB4D241FE1C0007F2E93 /* DataStoreRebuild.swift */ = {isa = PBXFileReference; lastKnownFileType = sourcecode.swift; path = DataStoreRebuild.swift; sourceTree = "<group>"; };
		5A95EB4F241FE1D4007F2E93 /* databaseForNewProject.db */ = {isa = PBXFileReference; lastKnownFileType = file; name = databaseForNewProject.db; path = ../../../databaseForNewProject.db; sourceTree = "<group>"; };
		5A95EB5124213033007F2E93 /* TrendsViewController.swift */ = {isa = PBXFileReference; lastKnownFileType = sourcecode.swift; path = TrendsViewController.swift; sourceTree = "<group>"; };
		5A95EB5324216E70007F2E93 /* ActivityPlanViewController.swift */ = {isa = PBXFileReference; lastKnownFileType = sourcecode.swift; path = ActivityPlanViewController.swift; sourceTree = "<group>"; };
		5A95EB552421881C007F2E93 /* ActivitiesTableViewCell.swift */ = {isa = PBXFileReference; lastKnownFileType = sourcecode.swift; path = ActivitiesTableViewCell.swift; sourceTree = "<group>"; };
		5A95EB5724218B9E007F2E93 /* activity.swift */ = {isa = PBXFileReference; lastKnownFileType = sourcecode.swift; path = activity.swift; sourceTree = "<group>"; };
		5AB2FBEB2428D37B009336E7 /* chartsViewController.swift */ = {isa = PBXFileReference; lastKnownFileType = sourcecode.swift; path = chartsViewController.swift; sourceTree = "<group>"; };
		5ABAC1CF2428EDC10019D62A /* pieChartDatePickerViewController.swift */ = {isa = PBXFileReference; lastKnownFileType = sourcecode.swift; path = pieChartDatePickerViewController.swift; sourceTree = "<group>"; };
		5ABAC1D1242903F60019D62A /* pieChartResultViewController.swift */ = {isa = PBXFileReference; lastKnownFileType = sourcecode.swift; path = pieChartResultViewController.swift; sourceTree = "<group>"; };
		5ABAC1D3242A3FD30019D62A /* EntriesTableViewController.swift */ = {isa = PBXFileReference; lastKnownFileType = sourcecode.swift; path = EntriesTableViewController.swift; sourceTree = "<group>"; };
		5ABAC1D5242A402D0019D62A /* EntryTableViewCell.swift */ = {isa = PBXFileReference; lastKnownFileType = sourcecode.swift; path = EntryTableViewCell.swift; sourceTree = "<group>"; };
		5ABAC1D7242A92B90019D62A /* ColorExtension.swift */ = {isa = PBXFileReference; lastKnownFileType = sourcecode.swift; path = ColorExtension.swift; sourceTree = "<group>"; };
		DC0CC1B5C0625E2D5C460747 /* Pods-DissTest.debug.xcconfig */ = {isa = PBXFileReference; includeInIndex = 1; lastKnownFileType = text.xcconfig; name = "Pods-DissTest.debug.xcconfig"; path = "Target Support Files/Pods-DissTest/Pods-DissTest.debug.xcconfig"; sourceTree = "<group>"; };
		DFBE108438DB39A3E8D836AE /* Pods_DissTest.framework */ = {isa = PBXFileReference; explicitFileType = wrapper.framework; includeInIndex = 0; path = Pods_DissTest.framework; sourceTree = BUILT_PRODUCTS_DIR; };
/* End PBXFileReference section */

/* Begin PBXFrameworksBuildPhase section */
		5A72D85623F9D25600441B9B /* Frameworks */ = {
			isa = PBXFrameworksBuildPhase;
			buildActionMask = 2147483647;
			files = (
				E5EBC7FE22717F752E90F28F /* Pods_DissTest.framework in Frameworks */,
			);
			runOnlyForDeploymentPostprocessing = 0;
		};
/* End PBXFrameworksBuildPhase section */

/* Begin PBXGroup section */
		5A72D85023F9D25600441B9B = {
			isa = PBXGroup;
			children = (
				5A72D85B23F9D25600441B9B /* DissTest */,
				5A72D85A23F9D25600441B9B /* Products */,
				8ED15F3CFCD8C1DE95130EAB /* Pods */,
				8B8DC7E1FF06AE80480605C0 /* Frameworks */,
			);
			sourceTree = "<group>";
		};
		5A72D85A23F9D25600441B9B /* Products */ = {
			isa = PBXGroup;
			children = (
				5A72D85923F9D25600441B9B /* DissTest.app */,
			);
			name = Products;
			sourceTree = "<group>";
		};
		5A72D85B23F9D25600441B9B /* DissTest */ = {
			isa = PBXGroup;
			children = (
				5A72D85C23F9D25600441B9B /* AppDelegate.swift */,
				5A72D85E23F9D25600441B9B /* SceneDelegate.swift */,
				5A72D86023F9D25600441B9B /* LogsViewController.swift */,
				5A844DF3241E79E70048EDD0 /* NavViewController.swift */,
				5A7C5B19241BBD190047CD0B /* LifestyleEntryViewController.swift */,
				5A72D86223F9D25600441B9B /* Main.storyboard */,
				5ABAC1D5242A402D0019D62A /* EntryTableViewCell.swift */,
				5ABAC1D1242903F60019D62A /* pieChartResultViewController.swift */,
				5ABAC1CF2428EDC10019D62A /* pieChartDatePickerViewController.swift */,
				5AB2FBEB2428D37B009336E7 /* chartsViewController.swift */,
				5A95EB5124213033007F2E93 /* TrendsViewController.swift */,
				5ABAC1D3242A3FD30019D62A /* EntriesTableViewController.swift */,
				5ABAC1D7242A92B90019D62A /* ColorExtension.swift */,
				5A844DF5241E9A4B0048EDD0 /* createNewActivityViewController.swift */,
				5A844DF7241E9F950048EDD0 /* ActivitiesTableViewController.swift */,
				5A95EB552421881C007F2E93 /* ActivitiesTableViewCell.swift */,
				5A7C5B1D241BCB510047CD0B /* ActivitiesViewController.swift */,
				5A7C5B17241BB4F40047CD0B /* MoodEntryViewController.swift */,
				5A7C5B03240BEFD90047CD0B /* NotesViewController.swift */,
				5A72D86523F9D26700441B9B /* Assets.xcassets */,
				5A7C5B0F240D3FE80047CD0B /* DBAccess.swift */,
				5A72D86723F9D26700441B9B /* LaunchScreen.storyboard */,
				5A72D86A23F9D26700441B9B /* Info.plist */,
				5A7C5B132416C64C0047CD0B /* DataStore.swift */,
				5A95EB1F241FB871007F2E93 /* newDatabase.swift */,
				5A7C5B15241A7E9E0047CD0B /* MoodEntry.swift */,
				5A95EB4F241FE1D4007F2E93 /* databaseForNewProject.db */,
				5A95EB4D241FE1C0007F2E93 /* DataStoreRebuild.swift */,
				5A95EB5724218B9E007F2E93 /* activity.swift */,
				5A95EB25241FC1EE007F2E93 /* hello.db */,
				5A95EB1B241FB713007F2E93 /* table.db */,
				5A95EB21241FBC4D007F2E93 /* anothertest */,
				5A95EB23241FC130007F2E93 /* anothertest.sql */,
				5A95EB1D241FB838007F2E93 /* new.db.sql */,
				5A95EB5324216E70007F2E93 /* ActivityPlanViewController.swift */,
			);
			path = DissTest;
			sourceTree = "<group>";
		};
		8B8DC7E1FF06AE80480605C0 /* Frameworks */ = {
			isa = PBXGroup;
			children = (
				DFBE108438DB39A3E8D836AE /* Pods_DissTest.framework */,
			);
			name = Frameworks;
			sourceTree = "<group>";
		};
		8ED15F3CFCD8C1DE95130EAB /* Pods */ = {
			isa = PBXGroup;
			children = (
				DC0CC1B5C0625E2D5C460747 /* Pods-DissTest.debug.xcconfig */,
				0EC025DE24703C6E234DBD9E /* Pods-DissTest.release.xcconfig */,
			);
			path = Pods;
			sourceTree = "<group>";
		};
/* End PBXGroup section */

/* Begin PBXNativeTarget section */
		5A72D85823F9D25600441B9B /* DissTest */ = {
			isa = PBXNativeTarget;
			buildConfigurationList = 5A72D86D23F9D26700441B9B /* Build configuration list for PBXNativeTarget "DissTest" */;
			buildPhases = (
				46B7ECCCC764B8DA65CDF39B /* [CP] Check Pods Manifest.lock */,
				5A72D85523F9D25600441B9B /* Sources */,
				5A72D85623F9D25600441B9B /* Frameworks */,
				5A72D85723F9D25600441B9B /* Resources */,
				779542D4EA58AC01E7381A46 /* [CP] Embed Pods Frameworks */,
			);
			buildRules = (
			);
			dependencies = (
			);
			name = DissTest;
			productName = DissTest;
			productReference = 5A72D85923F9D25600441B9B /* DissTest.app */;
			productType = "com.apple.product-type.application";
		};
/* End PBXNativeTarget section */

/* Begin PBXProject section */
		5A72D85123F9D25600441B9B /* Project object */ = {
			isa = PBXProject;
			attributes = {
				LastSwiftUpdateCheck = 1130;
				LastUpgradeCheck = 1130;
				ORGANIZATIONNAME = "Owen Malcolmson-Priest";
				TargetAttributes = {
					5A72D85823F9D25600441B9B = {
						CreatedOnToolsVersion = 11.3.1;
					};
				};
			};
			buildConfigurationList = 5A72D85423F9D25600441B9B /* Build configuration list for PBXProject "DissTest" */;
			compatibilityVersion = "Xcode 9.3";
			developmentRegion = en;
			hasScannedForEncodings = 0;
			knownRegions = (
				en,
				Base,
			);
			mainGroup = 5A72D85023F9D25600441B9B;
			productRefGroup = 5A72D85A23F9D25600441B9B /* Products */;
			projectDirPath = "";
			projectRoot = "";
			targets = (
				5A72D85823F9D25600441B9B /* DissTest */,
			);
		};
/* End PBXProject section */

/* Begin PBXResourcesBuildPhase section */
		5A72D85723F9D25600441B9B /* Resources */ = {
			isa = PBXResourcesBuildPhase;
			buildActionMask = 2147483647;
			files = (
				5A95EB26241FC1EE007F2E93 /* hello.db in Resources */,
				5A95EB50241FE1D4007F2E93 /* databaseForNewProject.db in Resources */,
				5A95EB22241FBC4D007F2E93 /* anothertest in Resources */,
				5A72D86923F9D26700441B9B /* LaunchScreen.storyboard in Resources */,
				5A95EB24241FC130007F2E93 /* anothertest.sql in Resources */,
				5A72D86623F9D26700441B9B /* Assets.xcassets in Resources */,
				5A95EB1C241FB713007F2E93 /* table.db in Resources */,
				5A95EB1E241FB839007F2E93 /* new.db.sql in Resources */,
				5A72D86423F9D25600441B9B /* Main.storyboard in Resources */,
			);
			runOnlyForDeploymentPostprocessing = 0;
		};
/* End PBXResourcesBuildPhase section */

/* Begin PBXShellScriptBuildPhase section */
		46B7ECCCC764B8DA65CDF39B /* [CP] Check Pods Manifest.lock */ = {
			isa = PBXShellScriptBuildPhase;
			buildActionMask = 2147483647;
			files = (
			);
			inputFileListPaths = (
			);
			inputPaths = (
				"${PODS_PODFILE_DIR_PATH}/Podfile.lock",
				"${PODS_ROOT}/Manifest.lock",
			);
			name = "[CP] Check Pods Manifest.lock";
			outputFileListPaths = (
			);
			outputPaths = (
				"$(DERIVED_FILE_DIR)/Pods-DissTest-checkManifestLockResult.txt",
			);
			runOnlyForDeploymentPostprocessing = 0;
			shellPath = /bin/sh;
			shellScript = "diff \"${PODS_PODFILE_DIR_PATH}/Podfile.lock\" \"${PODS_ROOT}/Manifest.lock\" > /dev/null\nif [ $? != 0 ] ; then\n    # print error to STDERR\n    echo \"error: The sandbox is not in sync with the Podfile.lock. Run 'pod install' or update your CocoaPods installation.\" >&2\n    exit 1\nfi\n# This output is used by Xcode 'outputs' to avoid re-running this script phase.\necho \"SUCCESS\" > \"${SCRIPT_OUTPUT_FILE_0}\"\n";
			showEnvVarsInLog = 0;
		};
		779542D4EA58AC01E7381A46 /* [CP] Embed Pods Frameworks */ = {
			isa = PBXShellScriptBuildPhase;
			buildActionMask = 2147483647;
			files = (
			);
			inputFileListPaths = (
				"${PODS_ROOT}/Target Support Files/Pods-DissTest/Pods-DissTest-frameworks-${CONFIGURATION}-input-files.xcfilelist",
			);
			name = "[CP] Embed Pods Frameworks";
			outputFileListPaths = (
				"${PODS_ROOT}/Target Support Files/Pods-DissTest/Pods-DissTest-frameworks-${CONFIGURATION}-output-files.xcfilelist",
			);
			runOnlyForDeploymentPostprocessing = 0;
			shellPath = /bin/sh;
			shellScript = "\"${PODS_ROOT}/Target Support Files/Pods-DissTest/Pods-DissTest-frameworks.sh\"\n";
			showEnvVarsInLog = 0;
		};
/* End PBXShellScriptBuildPhase section */

/* Begin PBXSourcesBuildPhase section */
		5A72D85523F9D25600441B9B /* Sources */ = {
			isa = PBXSourcesBuildPhase;
			buildActionMask = 2147483647;
			files = (
				5ABAC1D6242A402E0019D62A /* EntryTableViewCell.swift in Sources */,
				5A7C5B18241BB4F50047CD0B /* MoodEntryViewController.swift in Sources */,
				5A7C5B04240BEFD90047CD0B /* NotesViewController.swift in Sources */,
				5A844DF6241E9A4B0048EDD0 /* createNewActivityViewController.swift in Sources */,
				5ABAC1D8242A92B90019D62A /* ColorExtension.swift in Sources */,
				5A95EB20241FB871007F2E93 /* newDatabase.swift in Sources */,
				5A95EB5224213033007F2E93 /* TrendsViewController.swift in Sources */,
				5ABAC1D4242A3FD40019D62A /* EntriesTableViewController.swift in Sources */,
				5A844DF4241E79E70048EDD0 /* NavViewController.swift in Sources */,
				5A7C5B142416C64C0047CD0B /* DataStore.swift in Sources */,
				5ABAC1D2242903F60019D62A /* pieChartResultViewController.swift in Sources */,
				5ABAC1D02428EDC10019D62A /* pieChartDatePickerViewController.swift in Sources */,
				5A7C5B1E241BCB510047CD0B /* ActivitiesViewController.swift in Sources */,
				5A95EB5824218B9E007F2E93 /* activity.swift in Sources */,
				5A7C5B10240D3FE80047CD0B /* DBAccess.swift in Sources */,
				5A7C5B16241A7E9E0047CD0B /* MoodEntry.swift in Sources */,
				5A95EB4E241FE1C0007F2E93 /* DataStoreRebuild.swift in Sources */,
				5A95EB5424216E70007F2E93 /* ActivityPlanViewController.swift in Sources */,
				5A72D86123F9D25600441B9B /* LogsViewController.swift in Sources */,
				5A844DF8241E9F950048EDD0 /* ActivitiesTableViewController.swift in Sources */,
				5A72D85D23F9D25600441B9B /* AppDelegate.swift in Sources */,
				5A72D85F23F9D25600441B9B /* SceneDelegate.swift in Sources */,
				5AB2FBEC2428D37B009336E7 /* chartsViewController.swift in Sources */,
				5A95EB562421881C007F2E93 /* ActivitiesTableViewCell.swift in Sources */,
				5A7C5B1A241BBD190047CD0B /* LifestyleEntryViewController.swift in Sources */,
			);
			runOnlyForDeploymentPostprocessing = 0;
		};
/* End PBXSourcesBuildPhase section */

/* Begin PBXVariantGroup section */
		5A72D86223F9D25600441B9B /* Main.storyboard */ = {
			isa = PBXVariantGroup;
			children = (
				5A72D86323F9D25600441B9B /* Base */,
			);
			name = Main.storyboard;
			sourceTree = "<group>";
		};
		5A72D86723F9D26700441B9B /* LaunchScreen.storyboard */ = {
			isa = PBXVariantGroup;
			children = (
				5A72D86823F9D26700441B9B /* Base */,
			);
			name = LaunchScreen.storyboard;
			sourceTree = "<group>";
		};
/* End PBXVariantGroup section */

/* Begin XCBuildConfiguration section */
		5A72D86B23F9D26700441B9B /* Debug */ = {
			isa = XCBuildConfiguration;
			buildSettings = {
				ALWAYS_SEARCH_USER_PATHS = NO;
				CLANG_ANALYZER_NONNULL = YES;
				CLANG_ANALYZER_NUMBER_OBJECT_CONVERSION = YES_AGGRESSIVE;
				CLANG_CXX_LANGUAGE_STANDARD = "gnu++14";
				CLANG_CXX_LIBRARY = "libc++";
				CLANG_ENABLE_MODULES = YES;
				CLANG_ENABLE_OBJC_ARC = YES;
				CLANG_ENABLE_OBJC_WEAK = YES;
				CLANG_WARN_BLOCK_CAPTURE_AUTORELEASING = YES;
				CLANG_WARN_BOOL_CONVERSION = YES;
				CLANG_WARN_COMMA = YES;
				CLANG_WARN_CONSTANT_CONVERSION = YES;
				CLANG_WARN_DEPRECATED_OBJC_IMPLEMENTATIONS = YES;
				CLANG_WARN_DIRECT_OBJC_ISA_USAGE = YES_ERROR;
				CLANG_WARN_DOCUMENTATION_COMMENTS = YES;
				CLANG_WARN_EMPTY_BODY = YES;
				CLANG_WARN_ENUM_CONVERSION = YES;
				CLANG_WARN_INFINITE_RECURSION = YES;
				CLANG_WARN_INT_CONVERSION = YES;
				CLANG_WARN_NON_LITERAL_NULL_CONVERSION = YES;
				CLANG_WARN_OBJC_IMPLICIT_RETAIN_SELF = YES;
				CLANG_WARN_OBJC_LITERAL_CONVERSION = YES;
				CLANG_WARN_OBJC_ROOT_CLASS = YES_ERROR;
				CLANG_WARN_RANGE_LOOP_ANALYSIS = YES;
				CLANG_WARN_STRICT_PROTOTYPES = YES;
				CLANG_WARN_SUSPICIOUS_MOVE = YES;
				CLANG_WARN_UNGUARDED_AVAILABILITY = YES_AGGRESSIVE;
				CLANG_WARN_UNREACHABLE_CODE = YES;
				CLANG_WARN__DUPLICATE_METHOD_MATCH = YES;
				COPY_PHASE_STRIP = NO;
				DEBUG_INFORMATION_FORMAT = dwarf;
				ENABLE_STRICT_OBJC_MSGSEND = YES;
				ENABLE_TESTABILITY = YES;
				GCC_C_LANGUAGE_STANDARD = gnu11;
				GCC_DYNAMIC_NO_PIC = NO;
				GCC_NO_COMMON_BLOCKS = YES;
				GCC_OPTIMIZATION_LEVEL = 0;
				GCC_PREPROCESSOR_DEFINITIONS = (
					"DEBUG=1",
					"$(inherited)",
				);
				GCC_WARN_64_TO_32_BIT_CONVERSION = YES;
				GCC_WARN_ABOUT_RETURN_TYPE = YES_ERROR;
				GCC_WARN_UNDECLARED_SELECTOR = YES;
				GCC_WARN_UNINITIALIZED_AUTOS = YES_AGGRESSIVE;
				GCC_WARN_UNUSED_FUNCTION = YES;
				GCC_WARN_UNUSED_VARIABLE = YES;
				IPHONEOS_DEPLOYMENT_TARGET = 13.2;
				MTL_ENABLE_DEBUG_INFO = INCLUDE_SOURCE;
				MTL_FAST_MATH = YES;
				ONLY_ACTIVE_ARCH = YES;
				SDKROOT = iphoneos;
				SWIFT_ACTIVE_COMPILATION_CONDITIONS = DEBUG;
				SWIFT_OPTIMIZATION_LEVEL = "-Onone";
			};
			name = Debug;
		};
		5A72D86C23F9D26700441B9B /* Release */ = {
			isa = XCBuildConfiguration;
			buildSettings = {
				ALWAYS_SEARCH_USER_PATHS = NO;
				CLANG_ANALYZER_NONNULL = YES;
				CLANG_ANALYZER_NUMBER_OBJECT_CONVERSION = YES_AGGRESSIVE;
				CLANG_CXX_LANGUAGE_STANDARD = "gnu++14";
				CLANG_CXX_LIBRARY = "libc++";
				CLANG_ENABLE_MODULES = YES;
				CLANG_ENABLE_OBJC_ARC = YES;
				CLANG_ENABLE_OBJC_WEAK = YES;
				CLANG_WARN_BLOCK_CAPTURE_AUTORELEASING = YES;
				CLANG_WARN_BOOL_CONVERSION = YES;
				CLANG_WARN_COMMA = YES;
				CLANG_WARN_CONSTANT_CONVERSION = YES;
				CLANG_WARN_DEPRECATED_OBJC_IMPLEMENTATIONS = YES;
				CLANG_WARN_DIRECT_OBJC_ISA_USAGE = YES_ERROR;
				CLANG_WARN_DOCUMENTATION_COMMENTS = YES;
				CLANG_WARN_EMPTY_BODY = YES;
				CLANG_WARN_ENUM_CONVERSION = YES;
				CLANG_WARN_INFINITE_RECURSION = YES;
				CLANG_WARN_INT_CONVERSION = YES;
				CLANG_WARN_NON_LITERAL_NULL_CONVERSION = YES;
				CLANG_WARN_OBJC_IMPLICIT_RETAIN_SELF = YES;
				CLANG_WARN_OBJC_LITERAL_CONVERSION = YES;
				CLANG_WARN_OBJC_ROOT_CLASS = YES_ERROR;
				CLANG_WARN_RANGE_LOOP_ANALYSIS = YES;
				CLANG_WARN_STRICT_PROTOTYPES = YES;
				CLANG_WARN_SUSPICIOUS_MOVE = YES;
				CLANG_WARN_UNGUARDED_AVAILABILITY = YES_AGGRESSIVE;
				CLANG_WARN_UNREACHABLE_CODE = YES;
				CLANG_WARN__DUPLICATE_METHOD_MATCH = YES;
				COPY_PHASE_STRIP = NO;
				DEBUG_INFORMATION_FORMAT = "dwarf-with-dsym";
				ENABLE_NS_ASSERTIONS = NO;
				ENABLE_STRICT_OBJC_MSGSEND = YES;
				GCC_C_LANGUAGE_STANDARD = gnu11;
				GCC_NO_COMMON_BLOCKS = YES;
				GCC_WARN_64_TO_32_BIT_CONVERSION = YES;
				GCC_WARN_ABOUT_RETURN_TYPE = YES_ERROR;
				GCC_WARN_UNDECLARED_SELECTOR = YES;
				GCC_WARN_UNINITIALIZED_AUTOS = YES_AGGRESSIVE;
				GCC_WARN_UNUSED_FUNCTION = YES;
				GCC_WARN_UNUSED_VARIABLE = YES;
				IPHONEOS_DEPLOYMENT_TARGET = 13.2;
				MTL_ENABLE_DEBUG_INFO = NO;
				MTL_FAST_MATH = YES;
				SDKROOT = iphoneos;
				SWIFT_COMPILATION_MODE = wholemodule;
				SWIFT_OPTIMIZATION_LEVEL = "-O";
				VALIDATE_PRODUCT = YES;
			};
			name = Release;
		};
		5A72D86E23F9D26700441B9B /* Debug */ = {
			isa = XCBuildConfiguration;
			baseConfigurationReference = DC0CC1B5C0625E2D5C460747 /* Pods-DissTest.debug.xcconfig */;
			buildSettings = {
				ASSETCATALOG_COMPILER_APPICON_NAME = AppIcon;
				CODE_SIGN_STYLE = Automatic;
				DEVELOPMENT_TEAM = 67CM5BK532;
				INFOPLIST_FILE = DissTest/Info.plist;
				LD_RUNPATH_SEARCH_PATHS = (
					"$(inherited)",
					"@executable_path/Frameworks",
				);
				PRODUCT_BUNDLE_IDENTIFIER = owens.DissTest;
				PRODUCT_NAME = "$(TARGET_NAME)";
				SWIFT_VERSION = 5.0;
				TARGETED_DEVICE_FAMILY = "1,2";
			};
			name = Debug;
		};
		5A72D86F23F9D26700441B9B /* Release */ = {
			isa = XCBuildConfiguration;
			baseConfigurationReference = 0EC025DE24703C6E234DBD9E /* Pods-DissTest.release.xcconfig */;
			buildSettings = {
				ASSETCATALOG_COMPILER_APPICON_NAME = AppIcon;
				CODE_SIGN_STYLE = Automatic;
				DEVELOPMENT_TEAM = 67CM5BK532;
				INFOPLIST_FILE = DissTest/Info.plist;
				LD_RUNPATH_SEARCH_PATHS = (
					"$(inherited)",
					"@executable_path/Frameworks",
				);
				PRODUCT_BUNDLE_IDENTIFIER = owens.DissTest;
				PRODUCT_NAME = "$(TARGET_NAME)";
				SWIFT_VERSION = 5.0;
				TARGETED_DEVICE_FAMILY = "1,2";
			};
			name = Release;
		};
/* End XCBuildConfiguration section */

/* Begin XCConfigurationList section */
		5A72D85423F9D25600441B9B /* Build configuration list for PBXProject "DissTest" */ = {
			isa = XCConfigurationList;
			buildConfigurations = (
				5A72D86B23F9D26700441B9B /* Debug */,
				5A72D86C23F9D26700441B9B /* Release */,
			);
			defaultConfigurationIsVisible = 0;
			defaultConfigurationName = Release;
		};
		5A72D86D23F9D26700441B9B /* Build configuration list for PBXNativeTarget "DissTest" */ = {
			isa = XCConfigurationList;
			buildConfigurations = (
				5A72D86E23F9D26700441B9B /* Debug */,
				5A72D86F23F9D26700441B9B /* Release */,
			);
			defaultConfigurationIsVisible = 0;
			defaultConfigurationName = Release;
		};
/* End XCConfigurationList section */
	};
	rootObject = 5A72D85123F9D25600441B9B /* Project object */;
}
